<?xml version="1.0" encoding="utf-8"?>
<Project ToolsVersion="4.0" xmlns="http://schemas.microsoft.com/developer/msbuild/2003">
  <ItemGroup>
    <Filter Include="Source Files">
      <UniqueIdentifier>{4FC737F1-C7A5-4376-A066-2A32D752A2FF}</UniqueIdentifier>
      <Extensions>cpp;cxx;c;def</Extensions>
    </Filter>
    <Filter Include="Header Files">
      <UniqueIdentifier>{93995380-89BD-4b04-88EB-625FBE52EBFB}</UniqueIdentifier>
      <Extensions>h</Extensions>
    </Filter>
    <Filter Include="Generated Files">
      <UniqueIdentifier>{71ED8ED8-ACB9-4CE9-BBE1-E00B30144E11}</UniqueIdentifier>
      <Extensions>moc;h;cpp</Extensions>
      <SourceControlFiles>False</SourceControlFiles>
    </Filter>
    <Filter Include="Resource Files">
      <UniqueIdentifier>{D9D6E242-F8AF-46E4-B9FD-80ECBC20BA3E}</UniqueIdentifier>
      <Extensions>qrc;*</Extensions>
      <ParseFiles>false</ParseFiles>
    </Filter>
    <Filter Include="Generated Files\Debug">
      <UniqueIdentifier>{e543b2c3-4039-494b-b1e6-0eab818be60c}</UniqueIdentifier>
      <Extensions>cpp;moc</Extensions>
      <SourceControlFiles>False</SourceControlFiles>
    </Filter>
    <Filter Include="Generated Files\Release">
      <UniqueIdentifier>{aae43eeb-ef21-4c39-81ab-19e04e23de9f}</UniqueIdentifier>
      <Extensions>cpp;moc</Extensions>
      <SourceControlFiles>False</SourceControlFiles>
    </Filter>
    <Filter Include="Other Files">
      <UniqueIdentifier>{B67473BF-9FA1-4674-831E-CB28F72D4791}</UniqueIdentifier>
      <Extensions>*</Extensions>
      <ParseFiles>true</ParseFiles>
    </Filter>
  </ItemGroup>
  <ItemGroup>
    <ClCompile Include="coreplugin.cpp">
      <Filter>Source Files</Filter>
    </ClCompile>
    <ClCompile Include="GeneratedFiles\Debug\moc_coreplugin.cpp">
      <Filter>Generated Files\Debug</Filter>
    </ClCompile>
    <ClCompile Include="GeneratedFiles\Release\moc_coreplugin.cpp">
      <Filter>Generated Files\Release</Filter>
    </ClCompile>
    <ClCompile Include="GeneratedFiles\Debug\moc_actioncontainer.cpp">
      <Filter>Generated Files\Debug</Filter>
    </ClCompile>
    <ClCompile Include="GeneratedFiles\Release\moc_actioncontainer.cpp">
      <Filter>Generated Files\Release</Filter>
    </ClCompile>
    <ClCompile Include="GeneratedFiles\Debug\moc_actioncontainer_p.cpp">
      <Filter>Generated Files\Debug</Filter>
    </ClCompile>
    <ClCompile Include="GeneratedFiles\Release\moc_actioncontainer_p.cpp">
      <Filter>Generated Files\Release</Filter>
    </ClCompile>
    <ClCompile Include="GeneratedFiles\Debug\moc_actionmanager.cpp">
      <Filter>Generated Files\Debug</Filter>
    </ClCompile>
    <ClCompile Include="GeneratedFiles\Release\moc_actionmanager.cpp">
      <Filter>Generated Files\Release</Filter>
    </ClCompile>
    <ClCompile Include="GeneratedFiles\Debug\moc_actionmanager_p.cpp">
      <Filter>Generated Files\Debug</Filter>
    </ClCompile>
    <ClCompile Include="GeneratedFiles\Release\moc_actionmanager_p.cpp">
      <Filter>Generated Files\Release</Filter>
    </ClCompile>
    <ClCompile Include="GeneratedFiles\Debug\moc_addtovcsdialog.cpp">
      <Filter>Generated Files\Debug</Filter>
    </ClCompile>
    <ClCompile Include="GeneratedFiles\Release\moc_addtovcsdialog.cpp">
      <Filter>Generated Files\Release</Filter>
    </ClCompile>
    <ClCompile Include="GeneratedFiles\Debug\moc_basefilefilter.cpp">
      <Filter>Generated Files\Debug</Filter>
    </ClCompile>
    <ClCompile Include="GeneratedFiles\Release\moc_basefilefilter.cpp">
      <Filter>Generated Files\Release</Filter>
    </ClCompile>
    <ClCompile Include="GeneratedFiles\Debug\moc_basefilewizard.cpp">
      <Filter>Generated Files\Debug</Filter>
    </ClCompile>
    <ClCompile Include="GeneratedFiles\Release\moc_basefilewizard.cpp">
      <Filter>Generated Files\Release</Filter>
    </ClCompile>
    <ClCompile Include="GeneratedFiles\Debug\moc_basefilewizardfactory.cpp">
      <Filter>Generated Files\Debug</Filter>
    </ClCompile>
    <ClCompile Include="GeneratedFiles\Release\moc_basefilewizardfactory.cpp">
      <Filter>Generated Files\Release</Filter>
    </ClCompile>
    <ClCompile Include="GeneratedFiles\Debug\moc_basetextfind.cpp">
      <Filter>Generated Files\Debug</Filter>
    </ClCompile>
    <ClCompile Include="GeneratedFiles\Release\moc_basetextfind.cpp">
      <Filter>Generated Files\Release</Filter>
    </ClCompile>
    <ClCompile Include="GeneratedFiles\Debug\moc_command.cpp">
      <Filter>Generated Files\Debug</Filter>
    </ClCompile>
    <ClCompile Include="GeneratedFiles\Release\moc_command.cpp">
      <Filter>Generated Files\Release</Filter>
    </ClCompile>
    <ClCompile Include="GeneratedFiles\Debug\moc_command_p.cpp">
      <Filter>Generated Files\Debug</Filter>
    </ClCompile>
    <ClCompile Include="GeneratedFiles\Release\moc_command_p.cpp">
      <Filter>Generated Files\Release</Filter>
    </ClCompile>
    <ClCompile Include="GeneratedFiles\Debug\moc_commandbutton.cpp">
      <Filter>Generated Files\Debug</Filter>
    </ClCompile>
    <ClCompile Include="GeneratedFiles\Release\moc_commandbutton.cpp">
      <Filter>Generated Files\Release</Filter>
    </ClCompile>
    <ClCompile Include="GeneratedFiles\Debug\moc_commandlocator.cpp">
      <Filter>Generated Files\Debug</Filter>
    </ClCompile>
    <ClCompile Include="GeneratedFiles\Release\moc_commandlocator.cpp">
      <Filter>Generated Files\Release</Filter>
    </ClCompile>
    <ClCompile Include="GeneratedFiles\Debug\moc_commandmappings.cpp">
      <Filter>Generated Files\Debug</Filter>
    </ClCompile>
    <ClCompile Include="GeneratedFiles\Release\moc_commandmappings.cpp">
      <Filter>Generated Files\Release</Filter>
    </ClCompile>
    <ClCompile Include="GeneratedFiles\Debug\moc_commandsfile.cpp">
      <Filter>Generated Files\Debug</Filter>
    </ClCompile>
    <ClCompile Include="GeneratedFiles\Release\moc_commandsfile.cpp">
      <Filter>Generated Files\Release</Filter>
    </ClCompile>
    <ClCompile Include="GeneratedFiles\Debug\moc_corejsextensions.cpp">
      <Filter>Generated Files\Debug</Filter>
    </ClCompile>
    <ClCompile Include="GeneratedFiles\Release\moc_corejsextensions.cpp">
      <Filter>Generated Files\Release</Filter>
    </ClCompile>
    <ClCompile Include="GeneratedFiles\Debug\moc_currentdocumentfind.cpp">
      <Filter>Generated Files\Debug</Filter>
    </ClCompile>
    <ClCompile Include="GeneratedFiles\Release\moc_currentdocumentfind.cpp">
      <Filter>Generated Files\Release</Filter>
    </ClCompile>
    <ClCompile Include="GeneratedFiles\Debug\moc_designmode.cpp">
      <Filter>Generated Files\Debug</Filter>
    </ClCompile>
    <ClCompile Include="GeneratedFiles\Release\moc_designmode.cpp">
      <Filter>Generated Files\Release</Filter>
    </ClCompile>
    <ClCompile Include="GeneratedFiles\Debug\moc_directoryfilter.cpp">
      <Filter>Generated Files\Debug</Filter>
    </ClCompile>
    <ClCompile Include="GeneratedFiles\Release\moc_directoryfilter.cpp">
      <Filter>Generated Files\Release</Filter>
    </ClCompile>
    <ClCompile Include="GeneratedFiles\Debug\moc_documentmanager.cpp">
      <Filter>Generated Files\Debug</Filter>
    </ClCompile>
    <ClCompile Include="GeneratedFiles\Release\moc_documentmanager.cpp">
      <Filter>Generated Files\Release</Filter>
    </ClCompile>
    <ClCompile Include="GeneratedFiles\Debug\moc_documentmodel_p.cpp">
      <Filter>Generated Files\Debug</Filter>
    </ClCompile>
    <ClCompile Include="GeneratedFiles\Release\moc_documentmodel_p.cpp">
      <Filter>Generated Files\Release</Filter>
    </ClCompile>
    <ClCompile Include="GeneratedFiles\Debug\moc_editmode.cpp">
      <Filter>Generated Files\Debug</Filter>
    </ClCompile>
    <ClCompile Include="GeneratedFiles\Release\moc_editmode.cpp">
      <Filter>Generated Files\Release</Filter>
    </ClCompile>
    <ClCompile Include="GeneratedFiles\Debug\moc_editorarea.cpp">
      <Filter>Generated Files\Debug</Filter>
    </ClCompile>
    <ClCompile Include="GeneratedFiles\Release\moc_editorarea.cpp">
      <Filter>Generated Files\Release</Filter>
    </ClCompile>
    <ClCompile Include="GeneratedFiles\Debug\moc_editormanager.cpp">
      <Filter>Generated Files\Debug</Filter>
    </ClCompile>
    <ClCompile Include="GeneratedFiles\Release\moc_editormanager.cpp">
      <Filter>Generated Files\Release</Filter>
    </ClCompile>
    <ClCompile Include="GeneratedFiles\Debug\moc_editormanager_p.cpp">
      <Filter>Generated Files\Debug</Filter>
    </ClCompile>
    <ClCompile Include="GeneratedFiles\Release\moc_editormanager_p.cpp">
      <Filter>Generated Files\Release</Filter>
    </ClCompile>
    <ClCompile Include="GeneratedFiles\Debug\moc_editortoolbar.cpp">
      <Filter>Generated Files\Debug</Filter>
    </ClCompile>
    <ClCompile Include="GeneratedFiles\Release\moc_editortoolbar.cpp">
      <Filter>Generated Files\Release</Filter>
    </ClCompile>
    <ClCompile Include="GeneratedFiles\Debug\moc_editorview.cpp">
      <Filter>Generated Files\Debug</Filter>
    </ClCompile>
    <ClCompile Include="GeneratedFiles\Release\moc_editorview.cpp">
      <Filter>Generated Files\Release</Filter>
    </ClCompile>
    <ClCompile Include="GeneratedFiles\Debug\moc_editorwindow.cpp">
      <Filter>Generated Files\Debug</Filter>
    </ClCompile>
    <ClCompile Include="GeneratedFiles\Release\moc_editorwindow.cpp">
      <Filter>Generated Files\Release</Filter>
    </ClCompile>
    <ClCompile Include="GeneratedFiles\Debug\moc_executefilter.cpp">
      <Filter>Generated Files\Debug</Filter>
    </ClCompile>
    <ClCompile Include="GeneratedFiles\Release\moc_executefilter.cpp">
      <Filter>Generated Files\Release</Filter>
    </ClCompile>
    <ClCompile Include="GeneratedFiles\Debug\moc_externaltool.cpp">
      <Filter>Generated Files\Debug</Filter>
    </ClCompile>
    <ClCompile Include="GeneratedFiles\Release\moc_externaltool.cpp">
      <Filter>Generated Files\Release</Filter>
    </ClCompile>
    <ClCompile Include="GeneratedFiles\Debug\moc_externaltoolconfig.cpp">
      <Filter>Generated Files\Debug</Filter>
    </ClCompile>
    <ClCompile Include="GeneratedFiles\Release\moc_externaltoolconfig.cpp">
      <Filter>Generated Files\Release</Filter>
    </ClCompile>
    <ClCompile Include="GeneratedFiles\Debug\moc_externaltoolmanager.cpp">
      <Filter>Generated Files\Debug</Filter>
    </ClCompile>
    <ClCompile Include="GeneratedFiles\Release\moc_externaltoolmanager.cpp">
      <Filter>Generated Files\Release</Filter>
    </ClCompile>
    <ClCompile Include="GeneratedFiles\Debug\moc_externaltoolsfilter.cpp">
      <Filter>Generated Files\Debug</Filter>
    </ClCompile>
    <ClCompile Include="GeneratedFiles\Release\moc_externaltoolsfilter.cpp">
      <Filter>Generated Files\Release</Filter>
    </ClCompile>
    <ClCompile Include="GeneratedFiles\Debug\moc_fancyactionbar.cpp">
      <Filter>Generated Files\Debug</Filter>
    </ClCompile>
    <ClCompile Include="GeneratedFiles\Release\moc_fancyactionbar.cpp">
      <Filter>Generated Files\Release</Filter>
    </ClCompile>
    <ClCompile Include="GeneratedFiles\Debug\moc_fancytabwidget.cpp">
      <Filter>Generated Files\Debug</Filter>
    </ClCompile>
    <ClCompile Include="GeneratedFiles\Release\moc_fancytabwidget.cpp">
      <Filter>Generated Files\Release</Filter>
    </ClCompile>
    <ClCompile Include="GeneratedFiles\Debug\moc_filesystemfilter.cpp">
      <Filter>Generated Files\Debug</Filter>
    </ClCompile>
    <ClCompile Include="GeneratedFiles\Release\moc_filesystemfilter.cpp">
      <Filter>Generated Files\Release</Filter>
    </ClCompile>
    <ClCompile Include="GeneratedFiles\Debug\moc_findplaceholder.cpp">
      <Filter>Generated Files\Debug</Filter>
    </ClCompile>
    <ClCompile Include="GeneratedFiles\Release\moc_findplaceholder.cpp">
      <Filter>Generated Files\Release</Filter>
    </ClCompile>
    <ClCompile Include="GeneratedFiles\Debug\moc_findplugin.cpp">
      <Filter>Generated Files\Debug</Filter>
    </ClCompile>
    <ClCompile Include="GeneratedFiles\Release\moc_findplugin.cpp">
      <Filter>Generated Files\Release</Filter>
    </ClCompile>
    <ClCompile Include="GeneratedFiles\Debug\moc_findtoolbar.cpp">
      <Filter>Generated Files\Debug</Filter>
    </ClCompile>
    <ClCompile Include="GeneratedFiles\Release\moc_findtoolbar.cpp">
      <Filter>Generated Files\Release</Filter>
    </ClCompile>
    <ClCompile Include="GeneratedFiles\Debug\moc_findtoolwindow.cpp">
      <Filter>Generated Files\Debug</Filter>
    </ClCompile>
    <ClCompile Include="GeneratedFiles\Release\moc_findtoolwindow.cpp">
      <Filter>Generated Files\Release</Filter>
    </ClCompile>
    <ClCompile Include="GeneratedFiles\Debug\moc_futureprogress.cpp">
      <Filter>Generated Files\Debug</Filter>
    </ClCompile>
    <ClCompile Include="GeneratedFiles\Release\moc_futureprogress.cpp">
      <Filter>Generated Files\Release</Filter>
    </ClCompile>
    <ClCompile Include="GeneratedFiles\Debug\moc_generalsettings.cpp">
      <Filter>Generated Files\Debug</Filter>
    </ClCompile>
    <ClCompile Include="GeneratedFiles\Release\moc_generalsettings.cpp">
      <Filter>Generated Files\Release</Filter>
    </ClCompile>
    <ClCompile Include="GeneratedFiles\Debug\moc_helpmanager.cpp">
      <Filter>Generated Files\Debug</Filter>
    </ClCompile>
    <ClCompile Include="GeneratedFiles\Release\moc_helpmanager.cpp">
      <Filter>Generated Files\Release</Filter>
    </ClCompile>
    <ClCompile Include="GeneratedFiles\Debug\moc_highlightscrollbar.cpp">
      <Filter>Generated Files\Debug</Filter>
    </ClCompile>
    <ClCompile Include="GeneratedFiles\Release\moc_highlightscrollbar.cpp">
      <Filter>Generated Files\Release</Filter>
    </ClCompile>
    <ClCompile Include="GeneratedFiles\Debug\moc_icontext.cpp">
      <Filter>Generated Files\Debug</Filter>
    </ClCompile>
    <ClCompile Include="GeneratedFiles\Release\moc_icontext.cpp">
      <Filter>Generated Files\Release</Filter>
    </ClCompile>
    <ClCompile Include="GeneratedFiles\Debug\moc_icore.cpp">
      <Filter>Generated Files\Debug</Filter>
    </ClCompile>
    <ClCompile Include="GeneratedFiles\Release\moc_icore.cpp">
      <Filter>Generated Files\Release</Filter>
    </ClCompile>
    <ClCompile Include="GeneratedFiles\Debug\moc_idocument.cpp">
      <Filter>Generated Files\Debug</Filter>
    </ClCompile>
    <ClCompile Include="GeneratedFiles\Release\moc_idocument.cpp">
      <Filter>Generated Files\Release</Filter>
    </ClCompile>
    <ClCompile Include="GeneratedFiles\Debug\moc_idocumentfactory.cpp">
      <Filter>Generated Files\Debug</Filter>
    </ClCompile>
    <ClCompile Include="GeneratedFiles\Release\moc_idocumentfactory.cpp">
      <Filter>Generated Files\Release</Filter>
    </ClCompile>
    <ClCompile Include="GeneratedFiles\Debug\moc_ieditor.cpp">
      <Filter>Generated Files\Debug</Filter>
    </ClCompile>
    <ClCompile Include="GeneratedFiles\Release\moc_ieditor.cpp">
      <Filter>Generated Files\Release</Filter>
    </ClCompile>
    <ClCompile Include="GeneratedFiles\Debug\moc_ieditorfactory.cpp">
      <Filter>Generated Files\Debug</Filter>
    </ClCompile>
    <ClCompile Include="GeneratedFiles\Release\moc_ieditorfactory.cpp">
      <Filter>Generated Files\Release</Filter>
    </ClCompile>
    <ClCompile Include="GeneratedFiles\Debug\moc_iexternaleditor.cpp">
      <Filter>Generated Files\Debug</Filter>
    </ClCompile>
    <ClCompile Include="GeneratedFiles\Release\moc_iexternaleditor.cpp">
      <Filter>Generated Files\Release</Filter>
    </ClCompile>
    <ClCompile Include="GeneratedFiles\Debug\moc_ifilewizardextension.cpp">
      <Filter>Generated Files\Debug</Filter>
    </ClCompile>
    <ClCompile Include="GeneratedFiles\Release\moc_ifilewizardextension.cpp">
      <Filter>Generated Files\Release</Filter>
    </ClCompile>
    <ClCompile Include="GeneratedFiles\Debug\moc_ifindfilter.cpp">
      <Filter>Generated Files\Debug</Filter>
    </ClCompile>
    <ClCompile Include="GeneratedFiles\Release\moc_ifindfilter.cpp">
      <Filter>Generated Files\Release</Filter>
    </ClCompile>
    <ClCompile Include="GeneratedFiles\Debug\moc_ifindsupport.cpp">
      <Filter>Generated Files\Debug</Filter>
    </ClCompile>
    <ClCompile Include="GeneratedFiles\Release\moc_ifindsupport.cpp">
      <Filter>Generated Files\Release</Filter>
    </ClCompile>
    <ClCompile Include="GeneratedFiles\Debug\moc_ilocatorfilter.cpp">
      <Filter>Generated Files\Debug</Filter>
    </ClCompile>
    <ClCompile Include="GeneratedFiles\Release\moc_ilocatorfilter.cpp">
      <Filter>Generated Files\Release</Filter>
    </ClCompile>
    <ClCompile Include="GeneratedFiles\Debug\moc_imode.cpp">
      <Filter>Generated Files\Debug</Filter>
    </ClCompile>
    <ClCompile Include="GeneratedFiles\Release\moc_imode.cpp">
      <Filter>Generated Files\Release</Filter>
    </ClCompile>
    <ClCompile Include="GeneratedFiles\Debug\moc_inavigationwidgetfactory.cpp">
      <Filter>Generated Files\Debug</Filter>
    </ClCompile>
    <ClCompile Include="GeneratedFiles\Release\moc_inavigationwidgetfactory.cpp">
      <Filter>Generated Files\Release</Filter>
    </ClCompile>
    <ClCompile Include="GeneratedFiles\Debug\moc_infobar.cpp">
      <Filter>Generated Files\Debug</Filter>
    </ClCompile>
    <ClCompile Include="GeneratedFiles\Release\moc_infobar.cpp">
      <Filter>Generated Files\Release</Filter>
    </ClCompile>
    <ClCompile Include="GeneratedFiles\Debug\moc_ioptionspage.cpp">
      <Filter>Generated Files\Debug</Filter>
    </ClCompile>
    <ClCompile Include="GeneratedFiles\Release\moc_ioptionspage.cpp">
      <Filter>Generated Files\Release</Filter>
    </ClCompile>
    <ClCompile Include="GeneratedFiles\Debug\moc_ioutputpane.cpp">
      <Filter>Generated Files\Debug</Filter>
    </ClCompile>
    <ClCompile Include="GeneratedFiles\Release\moc_ioutputpane.cpp">
      <Filter>Generated Files\Release</Filter>
    </ClCompile>
    <ClCompile Include="GeneratedFiles\Debug\moc_itemviewfind.cpp">
      <Filter>Generated Files\Debug</Filter>
    </ClCompile>
    <ClCompile Include="GeneratedFiles\Release\moc_itemviewfind.cpp">
      <Filter>Generated Files\Release</Filter>
    </ClCompile>
    <ClCompile Include="GeneratedFiles\Debug\moc_iversioncontrol.cpp">
      <Filter>Generated Files\Debug</Filter>
    </ClCompile>
    <ClCompile Include="GeneratedFiles\Release\moc_iversioncontrol.cpp">
      <Filter>Generated Files\Release</Filter>
    </ClCompile>
    <ClCompile Include="GeneratedFiles\Debug\moc_iwelcomepage.cpp">
      <Filter>Generated Files\Debug</Filter>
    </ClCompile>
    <ClCompile Include="GeneratedFiles\Release\moc_iwelcomepage.cpp">
      <Filter>Generated Files\Release</Filter>
    </ClCompile>
    <ClCompile Include="GeneratedFiles\Debug\moc_iwizardfactory.cpp">
      <Filter>Generated Files\Debug</Filter>
    </ClCompile>
    <ClCompile Include="GeneratedFiles\Release\moc_iwizardfactory.cpp">
      <Filter>Generated Files\Release</Filter>
    </ClCompile>
    <ClCompile Include="GeneratedFiles\Debug\moc_locator.cpp">
      <Filter>Generated Files\Debug</Filter>
    </ClCompile>
    <ClCompile Include="GeneratedFiles\Release\moc_locator.cpp">
      <Filter>Generated Files\Release</Filter>
    </ClCompile>
    <ClCompile Include="GeneratedFiles\Debug\moc_locatorfiltersfilter.cpp">
      <Filter>Generated Files\Debug</Filter>
    </ClCompile>
    <ClCompile Include="GeneratedFiles\Release\moc_locatorfiltersfilter.cpp">
      <Filter>Generated Files\Release</Filter>
    </ClCompile>
    <ClCompile Include="GeneratedFiles\Debug\moc_locatormanager.cpp">
      <Filter>Generated Files\Debug</Filter>
    </ClCompile>
    <ClCompile Include="GeneratedFiles\Release\moc_locatormanager.cpp">
      <Filter>Generated Files\Release</Filter>
    </ClCompile>
    <ClCompile Include="GeneratedFiles\Debug\moc_locatorsettingspage.cpp">
      <Filter>Generated Files\Debug</Filter>
    </ClCompile>
    <ClCompile Include="GeneratedFiles\Release\moc_locatorsettingspage.cpp">
      <Filter>Generated Files\Release</Filter>
    </ClCompile>
    <ClCompile Include="GeneratedFiles\Debug\moc_locatorwidget.cpp">
      <Filter>Generated Files\Debug</Filter>
    </ClCompile>
    <ClCompile Include="GeneratedFiles\Release\moc_locatorwidget.cpp">
      <Filter>Generated Files\Release</Filter>
    </ClCompile>
    <ClCompile Include="GeneratedFiles\Debug\moc_mainwindow.cpp">
      <Filter>Generated Files\Debug</Filter>
    </ClCompile>
    <ClCompile Include="GeneratedFiles\Release\moc_mainwindow.cpp">
      <Filter>Generated Files\Release</Filter>
    </ClCompile>
    <ClCompile Include="GeneratedFiles\Debug\moc_manhattanstyle.cpp">
      <Filter>Generated Files\Debug</Filter>
    </ClCompile>
    <ClCompile Include="GeneratedFiles\Release\moc_manhattanstyle.cpp">
      <Filter>Generated Files\Release</Filter>
    </ClCompile>
    <ClCompile Include="GeneratedFiles\Debug\moc_messagemanager.cpp">
      <Filter>Generated Files\Debug</Filter>
    </ClCompile>
    <ClCompile Include="GeneratedFiles\Release\moc_messagemanager.cpp">
      <Filter>Generated Files\Release</Filter>
    </ClCompile>
    <ClCompile Include="GeneratedFiles\Debug\moc_messageoutputwindow.cpp">
      <Filter>Generated Files\Debug</Filter>
    </ClCompile>
    <ClCompile Include="GeneratedFiles\Release\moc_messageoutputwindow.cpp">
      <Filter>Generated Files\Release</Filter>
    </ClCompile>
    <ClCompile Include="GeneratedFiles\Debug\moc_mimetypesettings.cpp">
      <Filter>Generated Files\Debug</Filter>
    </ClCompile>
    <ClCompile Include="GeneratedFiles\Release\moc_mimetypesettings.cpp">
      <Filter>Generated Files\Release</Filter>
    </ClCompile>
    <ClCompile Include="GeneratedFiles\Debug\moc_modemanager.cpp">
      <Filter>Generated Files\Debug</Filter>
    </ClCompile>
    <ClCompile Include="GeneratedFiles\Release\moc_modemanager.cpp">
      <Filter>Generated Files\Release</Filter>
    </ClCompile>
    <ClCompile Include="GeneratedFiles\Debug\moc_navigationsubwidget.cpp">
      <Filter>Generated Files\Debug</Filter>
    </ClCompile>
    <ClCompile Include="GeneratedFiles\Release\moc_navigationsubwidget.cpp">
      <Filter>Generated Files\Release</Filter>
    </ClCompile>
    <ClCompile Include="GeneratedFiles\Debug\moc_navigationwidget.cpp">
      <Filter>Generated Files\Debug</Filter>
    </ClCompile>
    <ClCompile Include="GeneratedFiles\Release\moc_navigationwidget.cpp">
      <Filter>Generated Files\Release</Filter>
    </ClCompile>
    <ClCompile Include="GeneratedFiles\Debug\moc_newdialog.cpp">
      <Filter>Generated Files\Debug</Filter>
    </ClCompile>
    <ClCompile Include="GeneratedFiles\Release\moc_newdialog.cpp">
      <Filter>Generated Files\Release</Filter>
    </ClCompile>
    <ClCompile Include="GeneratedFiles\Debug\moc_opendocumentsfilter.cpp">
      <Filter>Generated Files\Debug</Filter>
    </ClCompile>
    <ClCompile Include="GeneratedFiles\Release\moc_opendocumentsfilter.cpp">
      <Filter>Generated Files\Release</Filter>
    </ClCompile>
    <ClCompile Include="GeneratedFiles\Debug\moc_opendocumentstreeview.cpp">
      <Filter>Generated Files\Debug</Filter>
    </ClCompile>
    <ClCompile Include="GeneratedFiles\Release\moc_opendocumentstreeview.cpp">
      <Filter>Generated Files\Release</Filter>
    </ClCompile>
    <ClCompile Include="GeneratedFiles\Debug\moc_openeditorsview.cpp">
      <Filter>Generated Files\Debug</Filter>
    </ClCompile>
    <ClCompile Include="GeneratedFiles\Release\moc_openeditorsview.cpp">
      <Filter>Generated Files\Release</Filter>
    </ClCompile>
    <ClCompile Include="GeneratedFiles\Debug\moc_openeditorswindow.cpp">
      <Filter>Generated Files\Debug</Filter>
    </ClCompile>
    <ClCompile Include="GeneratedFiles\Release\moc_openeditorswindow.cpp">
      <Filter>Generated Files\Release</Filter>
    </ClCompile>
    <ClCompile Include="GeneratedFiles\Debug\moc_openwithdialog.cpp">
      <Filter>Generated Files\Debug</Filter>
    </ClCompile>
    <ClCompile Include="GeneratedFiles\Release\moc_openwithdialog.cpp">
      <Filter>Generated Files\Release</Filter>
    </ClCompile>
    <ClCompile Include="GeneratedFiles\Debug\moc_outputpane.cpp">
      <Filter>Generated Files\Debug</Filter>
    </ClCompile>
    <ClCompile Include="GeneratedFiles\Release\moc_outputpane.cpp">
      <Filter>Generated Files\Release</Filter>
    </ClCompile>
    <ClCompile Include="GeneratedFiles\Debug\moc_outputpanemanager.cpp">
      <Filter>Generated Files\Debug</Filter>
    </ClCompile>
    <ClCompile Include="GeneratedFiles\Release\moc_outputpanemanager.cpp">
      <Filter>Generated Files\Release</Filter>
    </ClCompile>
    <ClCompile Include="GeneratedFiles\Debug\moc_outputwindow.cpp">
      <Filter>Generated Files\Debug</Filter>
    </ClCompile>
    <ClCompile Include="GeneratedFiles\Release\moc_outputwindow.cpp">
      <Filter>Generated Files\Release</Filter>
    </ClCompile>
    <ClCompile Include="GeneratedFiles\Debug\moc_plugindialog.cpp">
      <Filter>Generated Files\Debug</Filter>
    </ClCompile>
    <ClCompile Include="GeneratedFiles\Release\moc_plugindialog.cpp">
      <Filter>Generated Files\Release</Filter>
    </ClCompile>
    <ClCompile Include="GeneratedFiles\Debug\moc_progressbar.cpp">
      <Filter>Generated Files\Debug</Filter>
    </ClCompile>
    <ClCompile Include="GeneratedFiles\Release\moc_progressbar.cpp">
      <Filter>Generated Files\Release</Filter>
    </ClCompile>
    <ClCompile Include="GeneratedFiles\Debug\moc_progressmanager.cpp">
      <Filter>Generated Files\Debug</Filter>
    </ClCompile>
    <ClCompile Include="GeneratedFiles\Release\moc_progressmanager.cpp">
      <Filter>Generated Files\Release</Filter>
    </ClCompile>
    <ClCompile Include="GeneratedFiles\Debug\moc_progressmanager_p.cpp">
      <Filter>Generated Files\Debug</Filter>
    </ClCompile>
    <ClCompile Include="GeneratedFiles\Release\moc_progressmanager_p.cpp">
      <Filter>Generated Files\Release</Filter>
    </ClCompile>
    <ClCompile Include="GeneratedFiles\Debug\moc_progressview.cpp">
      <Filter>Generated Files\Debug</Filter>
    </ClCompile>
    <ClCompile Include="GeneratedFiles\Release\moc_progressview.cpp">
      <Filter>Generated Files\Release</Filter>
    </ClCompile>
    <ClCompile Include="GeneratedFiles\Debug\moc_promptoverwritedialog.cpp">
      <Filter>Generated Files\Debug</Filter>
    </ClCompile>
    <ClCompile Include="GeneratedFiles\Release\moc_promptoverwritedialog.cpp">
      <Filter>Generated Files\Release</Filter>
    </ClCompile>
    <ClCompile Include="GeneratedFiles\Debug\moc_readonlyfilesdialog.cpp">
      <Filter>Generated Files\Debug</Filter>
    </ClCompile>
    <ClCompile Include="GeneratedFiles\Release\moc_readonlyfilesdialog.cpp">
      <Filter>Generated Files\Release</Filter>
    </ClCompile>
    <ClCompile Include="GeneratedFiles\Debug\moc_removefiledialog.cpp">
      <Filter>Generated Files\Debug</Filter>
    </ClCompile>
    <ClCompile Include="GeneratedFiles\Release\moc_removefiledialog.cpp">
      <Filter>Generated Files\Release</Filter>
    </ClCompile>
    <ClCompile Include="GeneratedFiles\Debug\moc_rightpane.cpp">
      <Filter>Generated Files\Debug</Filter>
    </ClCompile>
    <ClCompile Include="GeneratedFiles\Release\moc_rightpane.cpp">
      <Filter>Generated Files\Release</Filter>
    </ClCompile>
    <ClCompile Include="GeneratedFiles\Debug\moc_saveitemsdialog.cpp">
      <Filter>Generated Files\Debug</Filter>
    </ClCompile>
    <ClCompile Include="GeneratedFiles\Release\moc_saveitemsdialog.cpp">
      <Filter>Generated Files\Release</Filter>
    </ClCompile>
    <ClCompile Include="GeneratedFiles\Debug\moc_searchresulttreemodel.cpp">
      <Filter>Generated Files\Debug</Filter>
    </ClCompile>
    <ClCompile Include="GeneratedFiles\Release\moc_searchresulttreemodel.cpp">
      <Filter>Generated Files\Release</Filter>
    </ClCompile>
    <ClCompile Include="GeneratedFiles\Debug\moc_searchresulttreeview.cpp">
      <Filter>Generated Files\Debug</Filter>
    </ClCompile>
    <ClCompile Include="GeneratedFiles\Release\moc_searchresulttreeview.cpp">
      <Filter>Generated Files\Release</Filter>
    </ClCompile>
    <ClCompile Include="GeneratedFiles\Debug\moc_searchresultwidget.cpp">
      <Filter>Generated Files\Debug</Filter>
    </ClCompile>
    <ClCompile Include="GeneratedFiles\Release\moc_searchresultwidget.cpp">
      <Filter>Generated Files\Release</Filter>
    </ClCompile>
    <ClCompile Include="GeneratedFiles\Debug\moc_searchresultwindow.cpp">
      <Filter>Generated Files\Debug</Filter>
    </ClCompile>
    <ClCompile Include="GeneratedFiles\Release\moc_searchresultwindow.cpp">
      <Filter>Generated Files\Release</Filter>
    </ClCompile>
    <ClCompile Include="GeneratedFiles\Debug\moc_settingsdialog.cpp">
      <Filter>Generated Files\Debug</Filter>
    </ClCompile>
    <ClCompile Include="GeneratedFiles\Release\moc_settingsdialog.cpp">
      <Filter>Generated Files\Release</Filter>
    </ClCompile>
    <ClCompile Include="GeneratedFiles\Debug\moc_shellcommand.cpp">
      <Filter>Generated Files\Debug</Filter>
    </ClCompile>
    <ClCompile Include="GeneratedFiles\Release\moc_shellcommand.cpp">
      <Filter>Generated Files\Release</Filter>
    </ClCompile>
    <ClCompile Include="GeneratedFiles\Debug\moc_shortcutsettings.cpp">
      <Filter>Generated Files\Debug</Filter>
    </ClCompile>
    <ClCompile Include="GeneratedFiles\Release\moc_shortcutsettings.cpp">
      <Filter>Generated Files\Release</Filter>
    </ClCompile>
    <ClCompile Include="GeneratedFiles\Debug\moc_sidebar.cpp">
      <Filter>Generated Files\Debug</Filter>
    </ClCompile>
    <ClCompile Include="GeneratedFiles\Release\moc_sidebar.cpp">
      <Filter>Generated Files\Release</Filter>
    </ClCompile>
    <ClCompile Include="GeneratedFiles\Debug\moc_sidebarwidget.cpp">
      <Filter>Generated Files\Debug</Filter>
    </ClCompile>
    <ClCompile Include="GeneratedFiles\Release\moc_sidebarwidget.cpp">
      <Filter>Generated Files\Release</Filter>
    </ClCompile>
    <ClCompile Include="GeneratedFiles\Debug\moc_statusbarmanager.cpp">
      <Filter>Generated Files\Debug</Filter>
    </ClCompile>
    <ClCompile Include="GeneratedFiles\Release\moc_statusbarmanager.cpp">
      <Filter>Generated Files\Release</Filter>
    </ClCompile>
    <ClCompile Include="GeneratedFiles\Debug\moc_statusbarwidget.cpp">
      <Filter>Generated Files\Debug</Filter>
    </ClCompile>
    <ClCompile Include="GeneratedFiles\Release\moc_statusbarwidget.cpp">
      <Filter>Generated Files\Release</Filter>
    </ClCompile>
    <ClCompile Include="GeneratedFiles\Debug\moc_styleanimator.cpp">
      <Filter>Generated Files\Debug</Filter>
    </ClCompile>
    <ClCompile Include="GeneratedFiles\Release\moc_styleanimator.cpp">
      <Filter>Generated Files\Release</Filter>
    </ClCompile>
    <ClCompile Include="GeneratedFiles\Debug\moc_systemeditor.cpp">
      <Filter>Generated Files\Debug</Filter>
    </ClCompile>
    <ClCompile Include="GeneratedFiles\Release\moc_systemeditor.cpp">
      <Filter>Generated Files\Release</Filter>
    </ClCompile>
    <ClCompile Include="GeneratedFiles\Debug\moc_systemsettings.cpp">
      <Filter>Generated Files\Debug</Filter>
    </ClCompile>
    <ClCompile Include="GeneratedFiles\Release\moc_systemsettings.cpp">
      <Filter>Generated Files\Release</Filter>
    </ClCompile>
    <ClCompile Include="GeneratedFiles\Debug\moc_textdocument.cpp">
      <Filter>Generated Files\Debug</Filter>
    </ClCompile>
    <ClCompile Include="GeneratedFiles\Release\moc_textdocument.cpp">
      <Filter>Generated Files\Release</Filter>
    </ClCompile>
    <ClCompile Include="GeneratedFiles\Debug\moc_themechooser.cpp">
      <Filter>Generated Files\Debug</Filter>
    </ClCompile>
    <ClCompile Include="GeneratedFiles\Release\moc_themechooser.cpp">
      <Filter>Generated Files\Release</Filter>
    </ClCompile>
    <ClCompile Include="GeneratedFiles\Debug\moc_toolsettings.cpp">
      <Filter>Generated Files\Debug</Filter>
    </ClCompile>
    <ClCompile Include="GeneratedFiles\Release\moc_toolsettings.cpp">
      <Filter>Generated Files\Release</Filter>
    </ClCompile>
    <ClCompile Include="GeneratedFiles\Debug\moc_variablechooser.cpp">
      <Filter>Generated Files\Debug</Filter>
    </ClCompile>
    <ClCompile Include="GeneratedFiles\Release\moc_variablechooser.cpp">
      <Filter>Generated Files\Release</Filter>
    </ClCompile>
    <ClCompile Include="GeneratedFiles\Debug\moc_vcsmanager.cpp">
      <Filter>Generated Files\Debug</Filter>
    </ClCompile>
    <ClCompile Include="GeneratedFiles\Release\moc_vcsmanager.cpp">
      <Filter>Generated Files\Release</Filter>
    </ClCompile>
    <ClCompile Include="GeneratedFiles\Debug\moc_versiondialog.cpp">
      <Filter>Generated Files\Debug</Filter>
    </ClCompile>
    <ClCompile Include="GeneratedFiles\Release\moc_versiondialog.cpp">
      <Filter>Generated Files\Release</Filter>
    </ClCompile>
    <ClCompile Include="GeneratedFiles\Debug\moc_windowsupport.cpp">
      <Filter>Generated Files\Debug</Filter>
    </ClCompile>
    <ClCompile Include="GeneratedFiles\Release\moc_windowsupport.cpp">
      <Filter>Generated Files\Release</Filter>
    </ClCompile>
    <ClCompile Include="actionmanager\actioncontainer.cpp">
      <Filter>Source Files</Filter>
    </ClCompile>
    <ClCompile Include="actionmanager\actionmanager.cpp">
      <Filter>Source Files</Filter>
    </ClCompile>
    <ClCompile Include="dialogs\addtovcsdialog.cpp">
      <Filter>Source Files</Filter>
    </ClCompile>
    <ClCompile Include="locator\basefilefilter.cpp">
      <Filter>Source Files</Filter>
    </ClCompile>
    <ClCompile Include="basefilewizard.cpp">
      <Filter>Source Files</Filter>
    </ClCompile>
    <ClCompile Include="basefilewizardfactory.cpp">
      <Filter>Source Files</Filter>
    </ClCompile>
    <ClCompile Include="find\basetextfind.cpp">
      <Filter>Source Files</Filter>
    </ClCompile>
    <ClCompile Include="actionmanager\command.cpp">
      <Filter>Source Files</Filter>
    </ClCompile>
    <ClCompile Include="actionmanager\commandbutton.cpp">
      <Filter>Source Files</Filter>
    </ClCompile>
    <ClCompile Include="locator\commandlocator.cpp">
      <Filter>Source Files</Filter>
    </ClCompile>
    <ClCompile Include="actionmanager\commandmappings.cpp">
      <Filter>Source Files</Filter>
    </ClCompile>
    <ClCompile Include="actionmanager\commandsfile.cpp">
      <Filter>Source Files</Filter>
    </ClCompile>
    <ClCompile Include="coreicons.cpp">
      <Filter>Source Files</Filter>
    </ClCompile>
    <ClCompile Include="corejsextensions.cpp">
      <Filter>Source Files</Filter>
    </ClCompile>
    <ClCompile Include="find\currentdocumentfind.cpp">
      <Filter>Source Files</Filter>
    </ClCompile>
    <ClCompile Include="designmode.cpp">
      <Filter>Source Files</Filter>
    </ClCompile>
    <ClCompile Include="locator\directoryfilter.cpp">
      <Filter>Source Files</Filter>
    </ClCompile>
    <ClCompile Include="documentmanager.cpp">
      <Filter>Source Files</Filter>
    </ClCompile>
    <ClCompile Include="editormanager\documentmodel.cpp">
      <Filter>Source Files</Filter>
    </ClCompile>
    <ClCompile Include="editmode.cpp">
      <Filter>Source Files</Filter>
    </ClCompile>
    <ClCompile Include="editormanager\editorarea.cpp">
      <Filter>Source Files</Filter>
    </ClCompile>
    <ClCompile Include="editormanager\editormanager.cpp">
      <Filter>Source Files</Filter>
    </ClCompile>
    <ClCompile Include="editortoolbar.cpp">
      <Filter>Source Files</Filter>
    </ClCompile>
    <ClCompile Include="editormanager\editorview.cpp">
      <Filter>Source Files</Filter>
    </ClCompile>
    <ClCompile Include="editormanager\editorwindow.cpp">
      <Filter>Source Files</Filter>
    </ClCompile>
    <ClCompile Include="locator\executefilter.cpp">
      <Filter>Source Files</Filter>
    </ClCompile>
    <ClCompile Include="externaltool.cpp">
      <Filter>Source Files</Filter>
    </ClCompile>
    <ClCompile Include="dialogs\externaltoolconfig.cpp">
      <Filter>Source Files</Filter>
    </ClCompile>
    <ClCompile Include="externaltoolmanager.cpp">
      <Filter>Source Files</Filter>
    </ClCompile>
    <ClCompile Include="locator\externaltoolsfilter.cpp">
      <Filter>Source Files</Filter>
    </ClCompile>
    <ClCompile Include="fancyactionbar.cpp">
      <Filter>Source Files</Filter>
    </ClCompile>
    <ClCompile Include="fancytabwidget.cpp">
      <Filter>Source Files</Filter>
    </ClCompile>
    <ClCompile Include="featureprovider.cpp">
      <Filter>Source Files</Filter>
    </ClCompile>
    <ClCompile Include="fileiconprovider.cpp">
      <Filter>Source Files</Filter>
    </ClCompile>
    <ClCompile Include="locator\filesystemfilter.cpp">
      <Filter>Source Files</Filter>
    </ClCompile>
    <ClCompile Include="fileutils.cpp">
      <Filter>Source Files</Filter>
    </ClCompile>
    <ClCompile Include="findplaceholder.cpp">
      <Filter>Source Files</Filter>
    </ClCompile>
    <ClCompile Include="find\findplugin.cpp">
      <Filter>Source Files</Filter>
    </ClCompile>
    <ClCompile Include="find\findtoolbar.cpp">
      <Filter>Source Files</Filter>
    </ClCompile>
    <ClCompile Include="find\findtoolwindow.cpp">
      <Filter>Source Files</Filter>
    </ClCompile>
    <ClCompile Include="progressmanager\futureprogress.cpp">
      <Filter>Source Files</Filter>
    </ClCompile>
    <ClCompile Include="generalsettings.cpp">
      <Filter>Source Files</Filter>
    </ClCompile>
    <ClCompile Include="generatedfile.cpp">
      <Filter>Source Files</Filter>
    </ClCompile>
    <ClCompile Include="icontext.cpp">
      <Filter>Source Files</Filter>
    </ClCompile>
    <ClCompile Include="icore.cpp">
      <Filter>Source Files</Filter>
    </ClCompile>
    <ClCompile Include="idocument.cpp">
      <Filter>Source Files</Filter>
    </ClCompile>
    <ClCompile Include="idocumentfactory.cpp">
      <Filter>Source Files</Filter>
    </ClCompile>
    <ClCompile Include="editormanager\ieditor.cpp">
      <Filter>Source Files</Filter>
    </ClCompile>
    <ClCompile Include="editormanager\ieditorfactory.cpp">
      <Filter>Source Files</Filter>
    </ClCompile>
    <ClCompile Include="editormanager\iexternaleditor.cpp">
      <Filter>Source Files</Filter>
    </ClCompile>
    <ClCompile Include="find\ifindfilter.cpp">
      <Filter>Source Files</Filter>
    </ClCompile>
    <ClCompile Include="find\ifindsupport.cpp">
      <Filter>Source Files</Filter>
    </ClCompile>
    <ClCompile Include="locator\ilocatorfilter.cpp">
      <Filter>Source Files</Filter>
    </ClCompile>
    <ClCompile Include="imode.cpp">
      <Filter>Source Files</Filter>
    </ClCompile>
    <ClCompile Include="inavigationwidgetfactory.cpp">
      <Filter>Source Files</Filter>
    </ClCompile>
    <ClCompile Include="infobar.cpp">
      <Filter>Source Files</Filter>
    </ClCompile>
    <ClCompile Include="dialogs\ioptionspage.cpp">
      <Filter>Source Files</Filter>
    </ClCompile>
    <ClCompile Include="ioutputpane.cpp">
      <Filter>Source Files</Filter>
    </ClCompile>
    <ClCompile Include="find\itemviewfind.cpp">
      <Filter>Source Files</Filter>
    </ClCompile>
    <ClCompile Include="iversioncontrol.cpp">
      <Filter>Source Files</Filter>
    </ClCompile>
    <ClCompile Include="iwelcomepage.cpp">
      <Filter>Source Files</Filter>
    </ClCompile>
    <ClCompile Include="iwizardfactory.cpp">
      <Filter>Source Files</Filter>
    </ClCompile>
    <ClCompile Include="jsexpander.cpp">
      <Filter>Source Files</Filter>
    </ClCompile>
    <ClCompile Include="locator\locator.cpp">
      <Filter>Source Files</Filter>
    </ClCompile>
    <ClCompile Include="locator\locator_test.cpp">
      <Filter>Source Files</Filter>
    </ClCompile>
    <ClCompile Include="locator\locatorfiltersfilter.cpp">
      <Filter>Source Files</Filter>
    </ClCompile>
    <ClCompile Include="locator\locatorfiltertest.cpp">
      <Filter>Source Files</Filter>
    </ClCompile>
    <ClCompile Include="locator\locatormanager.cpp">
      <Filter>Source Files</Filter>
    </ClCompile>
    <ClCompile Include="locator\locatorsearchutils.cpp">
      <Filter>Source Files</Filter>
    </ClCompile>
    <ClCompile Include="locator\locatorsettingspage.cpp">
      <Filter>Source Files</Filter>
    </ClCompile>
    <ClCompile Include="locator\locatorwidget.cpp">
      <Filter>Source Files</Filter>
    </ClCompile>
    <ClCompile Include="mainwindow.cpp">
      <Filter>Source Files</Filter>
    </ClCompile>
    <ClCompile Include="manhattanstyle.cpp">
      <Filter>Source Files</Filter>
    </ClCompile>
    <ClCompile Include="messagebox.cpp">
      <Filter>Source Files</Filter>
    </ClCompile>
    <ClCompile Include="messagemanager.cpp">
      <Filter>Source Files</Filter>
    </ClCompile>
    <ClCompile Include="messageoutputwindow.cpp">
      <Filter>Source Files</Filter>
    </ClCompile>
    <ClCompile Include="mimetypemagicdialog.cpp">
      <Filter>Source Files</Filter>
    </ClCompile>
    <ClCompile Include="mimetypesettings.cpp">
      <Filter>Source Files</Filter>
    </ClCompile>
    <ClCompile Include="minisplitter.cpp">
      <Filter>Source Files</Filter>
    </ClCompile>
    <ClCompile Include="modemanager.cpp">
      <Filter>Source Files</Filter>
    </ClCompile>
    <ClCompile Include="navigationsubwidget.cpp">
      <Filter>Source Files</Filter>
    </ClCompile>
    <ClCompile Include="navigationwidget.cpp">
      <Filter>Source Files</Filter>
    </ClCompile>
    <ClCompile Include="dialogs\newdialog.cpp">
      <Filter>Source Files</Filter>
    </ClCompile>
    <ClCompile Include="locator\opendocumentsfilter.cpp">
      <Filter>Source Files</Filter>
    </ClCompile>
    <ClCompile Include="opendocumentstreeview.cpp">
      <Filter>Source Files</Filter>
    </ClCompile>
    <ClCompile Include="editormanager\openeditorsview.cpp">
      <Filter>Source Files</Filter>
    </ClCompile>
    <ClCompile Include="editormanager\openeditorswindow.cpp">
      <Filter>Source Files</Filter>
    </ClCompile>
    <ClCompile Include="dialogs\openwithdialog.cpp">
      <Filter>Source Files</Filter>
    </ClCompile>
    <ClCompile Include="outputpane.cpp">
      <Filter>Source Files</Filter>
    </ClCompile>
    <ClCompile Include="outputpanemanager.cpp">
      <Filter>Source Files</Filter>
    </ClCompile>
    <ClCompile Include="outputwindow.cpp">
      <Filter>Source Files</Filter>
    </ClCompile>
    <ClCompile Include="patchtool.cpp">
      <Filter>Source Files</Filter>
    </ClCompile>
    <ClCompile Include="plugindialog.cpp">
      <Filter>Source Files</Filter>
    </ClCompile>
    <ClCompile Include="progressmanager\progressbar.cpp">
      <Filter>Source Files</Filter>
    </ClCompile>
    <ClCompile Include="progressmanager\progressmanager.cpp">
      <Filter>Source Files</Filter>
    </ClCompile>
    <ClCompile Include="progressmanager\progressmanager_win.cpp">
      <Filter>Source Files</Filter>
    </ClCompile>
    <ClCompile Include="progressmanager\progressview.cpp">
      <Filter>Source Files</Filter>
    </ClCompile>
    <ClCompile Include="dialogs\promptoverwritedialog.cpp">
      <Filter>Source Files</Filter>
    </ClCompile>
    <ClCompile Include="dialogs\readonlyfilesdialog.cpp">
      <Filter>Source Files</Filter>
    </ClCompile>
    <ClCompile Include="removefiledialog.cpp">
      <Filter>Source Files</Filter>
    </ClCompile>
    <ClCompile Include="rightpane.cpp">
      <Filter>Source Files</Filter>
    </ClCompile>
    <ClCompile Include="dialogs\saveitemsdialog.cpp">
      <Filter>Source Files</Filter>
    </ClCompile>
    <ClCompile Include="find\searchresulttreeitemdelegate.cpp">
      <Filter>Source Files</Filter>
    </ClCompile>
    <ClCompile Include="find\searchresulttreeitems.cpp">
      <Filter>Source Files</Filter>
    </ClCompile>
    <ClCompile Include="find\searchresulttreemodel.cpp">
      <Filter>Source Files</Filter>
    </ClCompile>
    <ClCompile Include="find\searchresulttreeview.cpp">
      <Filter>Source Files</Filter>
    </ClCompile>
    <ClCompile Include="find\searchresultwidget.cpp">
      <Filter>Source Files</Filter>
    </ClCompile>
    <ClCompile Include="find\searchresultwindow.cpp">
      <Filter>Source Files</Filter>
    </ClCompile>
    <ClCompile Include="settingsdatabase.cpp">
      <Filter>Source Files</Filter>
    </ClCompile>
    <ClCompile Include="dialogs\settingsdialog.cpp">
      <Filter>Source Files</Filter>
    </ClCompile>
    <ClCompile Include="shellcommand.cpp">
      <Filter>Source Files</Filter>
    </ClCompile>
    <ClCompile Include="dialogs\shortcutsettings.cpp">
      <Filter>Source Files</Filter>
    </ClCompile>
    <ClCompile Include="sidebar.cpp">
      <Filter>Source Files</Filter>
    </ClCompile>
    <ClCompile Include="sidebarwidget.cpp">
      <Filter>Source Files</Filter>
    </ClCompile>
    <ClCompile Include="statusbarmanager.cpp">
      <Filter>Source Files</Filter>
    </ClCompile>
    <ClCompile Include="statusbarwidget.cpp">
      <Filter>Source Files</Filter>
    </ClCompile>
    <ClCompile Include="styleanimator.cpp">
      <Filter>Source Files</Filter>
    </ClCompile>
    <ClCompile Include="editormanager\systemeditor.cpp">
      <Filter>Source Files</Filter>
    </ClCompile>
    <ClCompile Include="systemsettings.cpp">
      <Filter>Source Files</Filter>
    </ClCompile>
    <ClCompile Include="testdatadir.cpp">
      <Filter>Source Files</Filter>
    </ClCompile>
    <ClCompile Include="textdocument.cpp">
      <Filter>Source Files</Filter>
    </ClCompile>
    <ClCompile Include="themechooser.cpp">
      <Filter>Source Files</Filter>
    </ClCompile>
    <ClCompile Include="toolsettings.cpp">
      <Filter>Source Files</Filter>
    </ClCompile>
    <ClCompile Include="variablechooser.cpp">
      <Filter>Source Files</Filter>
    </ClCompile>
    <ClCompile Include="vcsmanager.cpp">
      <Filter>Source Files</Filter>
    </ClCompile>
    <ClCompile Include="versiondialog.cpp">
      <Filter>Source Files</Filter>
    </ClCompile>
    <ClCompile Include="windowsupport.cpp">
      <Filter>Source Files</Filter>
    </ClCompile>
    <ClCompile Include="find\highlightscrollbar.cpp">
      <Filter>Source Files</Filter>
    </ClCompile>
    <ClCompile Include="helpmanager.cpp">
      <Filter>Source Files</Filter>
    </ClCompile>
    <ClCompile Include="GeneratedFiles\qrc_core.cpp">
      <Filter>Generated Files</Filter>
    </ClCompile>
    <ClCompile Include="GeneratedFiles\qrc_fancyactionbar.cpp">
      <Filter>Generated Files</Filter>
    </ClCompile>
    <ClCompile Include="GeneratedFiles\qrc_find.cpp">
      <Filter>Generated Files</Filter>
    </ClCompile>
    <ClCompile Include="GeneratedFiles\Debug\moc_cycameracategorymode.cpp">
      <Filter>Generated Files\Debug</Filter>
    </ClCompile>
    <ClCompile Include="GeneratedFiles\Release\moc_cycameracategorymode.cpp">
      <Filter>Generated Files\Release</Filter>
    </ClCompile>
    <ClCompile Include="cycameracategorymode.cpp">
      <Filter>Source Files</Filter>
    </ClCompile>
    <ClCompile Include="cycameramanager.cpp">
      <Filter>Source Files</Filter>
    </ClCompile>
    <ClCompile Include="GeneratedFiles\Debug\moc_cycameramanager_p.cpp">
      <Filter>Generated Files\Debug</Filter>
    </ClCompile>
    <ClCompile Include="GeneratedFiles\Release\moc_cycameramanager_p.cpp">
      <Filter>Generated Files\Release</Filter>
    </ClCompile>
    <ClCompile Include="GeneratedFiles\Debug\moc_cycameramanager.cpp">
      <Filter>Generated Files\Debug</Filter>
    </ClCompile>
    <ClCompile Include="GeneratedFiles\Release\moc_cycameramanager.cpp">
      <Filter>Generated Files\Release</Filter>
    </ClCompile>
    <ClCompile Include="cyframeparsermanager.cpp">
      <Filter>Source Files</Filter>
    </ClCompile>
    <ClCompile Include="GeneratedFiles\Debug\moc_cyframeparsermanager.cpp">
      <Filter>Generated Files\Debug</Filter>
    </ClCompile>
    <ClCompile Include="GeneratedFiles\Release\moc_cyframeparsermanager.cpp">
      <Filter>Generated Files\Release</Filter>
    </ClCompile>
    <ClCompile Include="GeneratedFiles\Debug\moc_cyframeparsermanager_p.cpp">
      <Filter>Generated Files\Debug</Filter>
    </ClCompile>
    <ClCompile Include="GeneratedFiles\Release\moc_cyframeparsermanager_p.cpp">
      <Filter>Generated Files\Release</Filter>
    </ClCompile>
    <ClCompile Include="cydefaultframeview.cpp">
      <Filter>Source Files</Filter>
    </ClCompile>
    <ClCompile Include="GeneratedFiles\Debug\moc_cydefaultframeview.cpp">
      <Filter>Generated Files\Debug</Filter>
    </ClCompile>
    <ClCompile Include="GeneratedFiles\Release\moc_cydefaultframeview.cpp">
      <Filter>Generated Files\Release</Filter>
    </ClCompile>
    <ClCompile Include="GeneratedFiles\Debug\moc_cydefaultframeview_p.cpp">
      <Filter>Generated Files\Debug</Filter>
    </ClCompile>
    <ClCompile Include="GeneratedFiles\Release\moc_cydefaultframeview_p.cpp">
      <Filter>Generated Files\Release</Filter>
    </ClCompile>
  </ItemGroup>
  <ItemGroup>
    <CustomBuild Include="coreplugin.h">
      <Filter>Header Files</Filter>
    </CustomBuild>
    <CustomBuild Include="locator\locatorsettingspage.ui">
      <Filter>Other Files</Filter>
    </CustomBuild>
    <CustomBuild Include="locator\directoryfilter.ui">
      <Filter>Other Files</Filter>
    </CustomBuild>
    <CustomBuild Include="locator\filesystemfilter.ui">
      <Filter>Other Files</Filter>
    </CustomBuild>
    <CustomBuild Include="find\finddialog.ui">
      <Filter>Other Files</Filter>
    </CustomBuild>
    <CustomBuild Include="find\findwidget.ui">
      <Filter>Other Files</Filter>
    </CustomBuild>
    <CustomBuild Include="dialogs\addtovcsdialog.ui">
      <Filter>Other Files</Filter>
    </CustomBuild>
    <CustomBuild Include="dialogs\externaltoolconfig.ui">
      <Filter>Other Files</Filter>
    </CustomBuild>
    <CustomBuild Include="dialogs\newdialog.ui">
      <Filter>Other Files</Filter>
    </CustomBuild>
    <CustomBuild Include="dialogs\openwithdialog.ui">
      <Filter>Other Files</Filter>
    </CustomBuild>
    <CustomBuild Include="dialogs\readonlyfilesdialog.ui">
      <Filter>Other Files</Filter>
    </CustomBuild>
    <CustomBuild Include="dialogs\saveitemsdialog.ui">
      <Filter>Other Files</Filter>
    </CustomBuild>
    <CustomBuild Include="generalsettings.ui">
      <Filter>Other Files</Filter>
    </CustomBuild>
    <CustomBuild Include="mimetypemagicdialog.ui">
      <Filter>Other Files</Filter>
    </CustomBuild>
    <CustomBuild Include="mimetypesettingspage.ui">
      <Filter>Other Files</Filter>
    </CustomBuild>
    <CustomBuild Include="removefiledialog.ui">
      <Filter>Other Files</Filter>
    </CustomBuild>
    <CustomBuild Include="systemsettings.ui">
      <Filter>Other Files</Filter>
    </CustomBuild>
    <CustomBuild Include="actionmanager\actioncontainer.h">
      <Filter>Header Files</Filter>
    </CustomBuild>
    <CustomBuild Include="actionmanager\actioncontainer_p.h">
      <Filter>Header Files</Filter>
    </CustomBuild>
    <CustomBuild Include="actionmanager\actionmanager.h">
      <Filter>Header Files</Filter>
    </CustomBuild>
    <CustomBuild Include="actionmanager\actionmanager_p.h">
      <Filter>Header Files</Filter>
    </CustomBuild>
    <CustomBuild Include="dialogs\addtovcsdialog.h">
      <Filter>Header Files</Filter>
    </CustomBuild>
    <CustomBuild Include="locator\basefilefilter.h">
      <Filter>Header Files</Filter>
    </CustomBuild>
    <CustomBuild Include="basefilewizard.h">
      <Filter>Header Files</Filter>
    </CustomBuild>
    <CustomBuild Include="basefilewizardfactory.h">
      <Filter>Header Files</Filter>
    </CustomBuild>
    <CustomBuild Include="find\basetextfind.h">
      <Filter>Header Files</Filter>
    </CustomBuild>
    <CustomBuild Include="actionmanager\command.h">
      <Filter>Header Files</Filter>
    </CustomBuild>
    <CustomBuild Include="actionmanager\command_p.h">
      <Filter>Header Files</Filter>
    </CustomBuild>
    <CustomBuild Include="actionmanager\commandbutton.h">
      <Filter>Header Files</Filter>
    </CustomBuild>
    <CustomBuild Include="locator\commandlocator.h">
      <Filter>Header Files</Filter>
    </CustomBuild>
    <CustomBuild Include="actionmanager\commandmappings.h">
      <Filter>Header Files</Filter>
    </CustomBuild>
    <CustomBuild Include="actionmanager\commandsfile.h">
      <Filter>Header Files</Filter>
    </CustomBuild>
    <CustomBuild Include="corejsextensions.h">
      <Filter>Header Files</Filter>
    </CustomBuild>
    <CustomBuild Include="find\currentdocumentfind.h">
      <Filter>Header Files</Filter>
    </CustomBuild>
    <CustomBuild Include="designmode.h">
      <Filter>Header Files</Filter>
    </CustomBuild>
    <CustomBuild Include="locator\directoryfilter.h">
      <Filter>Header Files</Filter>
    </CustomBuild>
    <CustomBuild Include="documentmanager.h">
      <Filter>Header Files</Filter>
    </CustomBuild>
    <CustomBuild Include="editormanager\documentmodel_p.h">
      <Filter>Header Files</Filter>
    </CustomBuild>
    <CustomBuild Include="editmode.h">
      <Filter>Header Files</Filter>
    </CustomBuild>
    <CustomBuild Include="editormanager\editorarea.h">
      <Filter>Header Files</Filter>
    </CustomBuild>
    <CustomBuild Include="editormanager\editormanager.h">
      <Filter>Header Files</Filter>
    </CustomBuild>
    <CustomBuild Include="editormanager\editormanager_p.h">
      <Filter>Header Files</Filter>
    </CustomBuild>
    <CustomBuild Include="editortoolbar.h">
      <Filter>Header Files</Filter>
    </CustomBuild>
    <CustomBuild Include="editormanager\editorview.h">
      <Filter>Header Files</Filter>
    </CustomBuild>
    <CustomBuild Include="editormanager\editorwindow.h">
      <Filter>Header Files</Filter>
    </CustomBuild>
    <CustomBuild Include="locator\executefilter.h">
      <Filter>Header Files</Filter>
    </CustomBuild>
    <CustomBuild Include="externaltool.h">
      <Filter>Header Files</Filter>
    </CustomBuild>
    <CustomBuild Include="dialogs\externaltoolconfig.h">
      <Filter>Header Files</Filter>
    </CustomBuild>
    <CustomBuild Include="externaltoolmanager.h">
      <Filter>Header Files</Filter>
    </CustomBuild>
    <CustomBuild Include="locator\externaltoolsfilter.h">
      <Filter>Header Files</Filter>
    </CustomBuild>
    <CustomBuild Include="fancyactionbar.h">
      <Filter>Header Files</Filter>
    </CustomBuild>
    <CustomBuild Include="fancytabwidget.h">
      <Filter>Header Files</Filter>
    </CustomBuild>
    <CustomBuild Include="locator\filesystemfilter.h">
      <Filter>Header Files</Filter>
    </CustomBuild>
    <CustomBuild Include="findplaceholder.h">
      <Filter>Header Files</Filter>
    </CustomBuild>
    <CustomBuild Include="find\findplugin.h">
      <Filter>Header Files</Filter>
    </CustomBuild>
    <CustomBuild Include="find\findtoolbar.h">
      <Filter>Header Files</Filter>
    </CustomBuild>
    <CustomBuild Include="find\findtoolwindow.h">
      <Filter>Header Files</Filter>
    </CustomBuild>
    <CustomBuild Include="progressmanager\futureprogress.h">
      <Filter>Header Files</Filter>
    </CustomBuild>
    <CustomBuild Include="generalsettings.h">
      <Filter>Header Files</Filter>
    </CustomBuild>
    <CustomBuild Include="helpmanager.h">
      <Filter>Header Files</Filter>
    </CustomBuild>
    <CustomBuild Include="find\highlightscrollbar.h">
      <Filter>Header Files</Filter>
    </CustomBuild>
    <CustomBuild Include="icontext.h">
      <Filter>Header Files</Filter>
    </CustomBuild>
    <CustomBuild Include="icore.h">
      <Filter>Header Files</Filter>
    </CustomBuild>
    <CustomBuild Include="idocument.h">
      <Filter>Header Files</Filter>
    </CustomBuild>
    <CustomBuild Include="idocumentfactory.h">
      <Filter>Header Files</Filter>
    </CustomBuild>
    <CustomBuild Include="editormanager\ieditor.h">
      <Filter>Header Files</Filter>
    </CustomBuild>
    <CustomBuild Include="editormanager\ieditorfactory.h">
      <Filter>Header Files</Filter>
    </CustomBuild>
    <CustomBuild Include="editormanager\iexternaleditor.h">
      <Filter>Header Files</Filter>
    </CustomBuild>
    <CustomBuild Include="ifilewizardextension.h">
      <Filter>Header Files</Filter>
    </CustomBuild>
    <CustomBuild Include="find\ifindfilter.h">
      <Filter>Header Files</Filter>
    </CustomBuild>
    <CustomBuild Include="find\ifindsupport.h">
      <Filter>Header Files</Filter>
    </CustomBuild>
    <CustomBuild Include="locator\ilocatorfilter.h">
      <Filter>Header Files</Filter>
    </CustomBuild>
    <CustomBuild Include="imode.h">
      <Filter>Header Files</Filter>
    </CustomBuild>
    <CustomBuild Include="inavigationwidgetfactory.h">
      <Filter>Header Files</Filter>
    </CustomBuild>
    <CustomBuild Include="infobar.h">
      <Filter>Header Files</Filter>
    </CustomBuild>
    <CustomBuild Include="dialogs\ioptionspage.h">
      <Filter>Header Files</Filter>
    </CustomBuild>
    <CustomBuild Include="ioutputpane.h">
      <Filter>Header Files</Filter>
    </CustomBuild>
    <CustomBuild Include="find\itemviewfind.h">
      <Filter>Header Files</Filter>
    </CustomBuild>
    <CustomBuild Include="iversioncontrol.h">
      <Filter>Header Files</Filter>
    </CustomBuild>
    <CustomBuild Include="iwelcomepage.h">
      <Filter>Header Files</Filter>
    </CustomBuild>
    <CustomBuild Include="iwizardfactory.h">
      <Filter>Header Files</Filter>
    </CustomBuild>
    <CustomBuild Include="locator\locator.h">
      <Filter>Header Files</Filter>
    </CustomBuild>
    <CustomBuild Include="locator\locatorfiltersfilter.h">
      <Filter>Header Files</Filter>
    </CustomBuild>
    <CustomBuild Include="locator\locatormanager.h">
      <Filter>Header Files</Filter>
    </CustomBuild>
    <CustomBuild Include="locator\locatorsettingspage.h">
      <Filter>Header Files</Filter>
    </CustomBuild>
    <CustomBuild Include="locator\locatorwidget.h">
      <Filter>Header Files</Filter>
    </CustomBuild>
    <CustomBuild Include="mainwindow.h">
      <Filter>Header Files</Filter>
    </CustomBuild>
    <CustomBuild Include="manhattanstyle.h">
      <Filter>Header Files</Filter>
    </CustomBuild>
    <CustomBuild Include="messagemanager.h">
      <Filter>Header Files</Filter>
    </CustomBuild>
    <CustomBuild Include="messageoutputwindow.h">
      <Filter>Header Files</Filter>
    </CustomBuild>
    <CustomBuild Include="mimetypesettings.h">
      <Filter>Header Files</Filter>
    </CustomBuild>
    <CustomBuild Include="modemanager.h">
      <Filter>Header Files</Filter>
    </CustomBuild>
    <CustomBuild Include="navigationsubwidget.h">
      <Filter>Header Files</Filter>
    </CustomBuild>
    <CustomBuild Include="navigationwidget.h">
      <Filter>Header Files</Filter>
    </CustomBuild>
    <CustomBuild Include="dialogs\newdialog.h">
      <Filter>Header Files</Filter>
    </CustomBuild>
    <CustomBuild Include="locator\opendocumentsfilter.h">
      <Filter>Header Files</Filter>
    </CustomBuild>
    <CustomBuild Include="opendocumentstreeview.h">
      <Filter>Header Files</Filter>
    </CustomBuild>
    <CustomBuild Include="editormanager\openeditorsview.h">
      <Filter>Header Files</Filter>
    </CustomBuild>
    <CustomBuild Include="editormanager\openeditorswindow.h">
      <Filter>Header Files</Filter>
    </CustomBuild>
    <CustomBuild Include="dialogs\openwithdialog.h">
      <Filter>Header Files</Filter>
    </CustomBuild>
    <CustomBuild Include="outputpane.h">
      <Filter>Header Files</Filter>
    </CustomBuild>
    <CustomBuild Include="outputpanemanager.h">
      <Filter>Header Files</Filter>
    </CustomBuild>
    <CustomBuild Include="outputwindow.h">
      <Filter>Header Files</Filter>
    </CustomBuild>
    <CustomBuild Include="plugindialog.h">
      <Filter>Header Files</Filter>
    </CustomBuild>
    <CustomBuild Include="progressmanager\progressbar.h">
      <Filter>Header Files</Filter>
    </CustomBuild>
    <CustomBuild Include="progressmanager\progressmanager.h">
      <Filter>Header Files</Filter>
    </CustomBuild>
    <CustomBuild Include="progressmanager\progressmanager_p.h">
      <Filter>Header Files</Filter>
    </CustomBuild>
    <CustomBuild Include="progressmanager\progressview.h">
      <Filter>Header Files</Filter>
    </CustomBuild>
    <CustomBuild Include="dialogs\promptoverwritedialog.h">
      <Filter>Header Files</Filter>
    </CustomBuild>
    <CustomBuild Include="dialogs\readonlyfilesdialog.h">
      <Filter>Header Files</Filter>
    </CustomBuild>
    <CustomBuild Include="removefiledialog.h">
      <Filter>Header Files</Filter>
    </CustomBuild>
    <CustomBuild Include="rightpane.h">
      <Filter>Header Files</Filter>
    </CustomBuild>
    <CustomBuild Include="dialogs\saveitemsdialog.h">
      <Filter>Header Files</Filter>
    </CustomBuild>
    <CustomBuild Include="find\searchresulttreemodel.h">
      <Filter>Header Files</Filter>
    </CustomBuild>
    <CustomBuild Include="find\searchresulttreeview.h">
      <Filter>Header Files</Filter>
    </CustomBuild>
    <CustomBuild Include="find\searchresultwidget.h">
      <Filter>Header Files</Filter>
    </CustomBuild>
    <CustomBuild Include="find\searchresultwindow.h">
      <Filter>Header Files</Filter>
    </CustomBuild>
    <CustomBuild Include="dialogs\settingsdialog.h">
      <Filter>Header Files</Filter>
    </CustomBuild>
    <CustomBuild Include="shellcommand.h">
      <Filter>Header Files</Filter>
    </CustomBuild>
    <CustomBuild Include="dialogs\shortcutsettings.h">
      <Filter>Header Files</Filter>
    </CustomBuild>
    <CustomBuild Include="sidebar.h">
      <Filter>Header Files</Filter>
    </CustomBuild>
    <CustomBuild Include="sidebarwidget.h">
      <Filter>Header Files</Filter>
    </CustomBuild>
    <CustomBuild Include="statusbarmanager.h">
      <Filter>Header Files</Filter>
    </CustomBuild>
    <CustomBuild Include="statusbarwidget.h">
      <Filter>Header Files</Filter>
    </CustomBuild>
    <CustomBuild Include="styleanimator.h">
      <Filter>Header Files</Filter>
    </CustomBuild>
    <CustomBuild Include="editormanager\systemeditor.h">
      <Filter>Header Files</Filter>
    </CustomBuild>
    <CustomBuild Include="systemsettings.h">
      <Filter>Header Files</Filter>
    </CustomBuild>
    <CustomBuild Include="textdocument.h">
      <Filter>Header Files</Filter>
    </CustomBuild>
    <CustomBuild Include="themechooser.h">
      <Filter>Header Files</Filter>
    </CustomBuild>
    <CustomBuild Include="toolsettings.h">
      <Filter>Header Files</Filter>
    </CustomBuild>
    <CustomBuild Include="variablechooser.h">
      <Filter>Header Files</Filter>
    </CustomBuild>
    <CustomBuild Include="vcsmanager.h">
      <Filter>Header Files</Filter>
    </CustomBuild>
    <CustomBuild Include="versiondialog.h">
      <Filter>Header Files</Filter>
    </CustomBuild>
    <CustomBuild Include="windowsupport.h">
      <Filter>Header Files</Filter>
    </CustomBuild>
    <CustomBuild Include="GeneratedFiles\Debug\documentmanager.moc">
      <Filter>Generated Files\Debug</Filter>
    </CustomBuild>
    <CustomBuild Include="GeneratedFiles\Release\documentmanager.moc">
      <Filter>Generated Files\Release</Filter>
    </CustomBuild>
    <CustomBuild Include="GeneratedFiles\Debug\fancytabwidget.moc">
      <Filter>Generated Files\Debug</Filter>
    </CustomBuild>
    <CustomBuild Include="GeneratedFiles\Release\fancytabwidget.moc">
      <Filter>Generated Files\Release</Filter>
    </CustomBuild>
    <CustomBuild Include="GeneratedFiles\Debug\futureprogress.moc">
      <Filter>Generated Files\Debug</Filter>
    </CustomBuild>
    <CustomBuild Include="GeneratedFiles\Release\futureprogress.moc">
      <Filter>Generated Files\Release</Filter>
    </CustomBuild>
    <CustomBuild Include="GeneratedFiles\Debug\mimetypesettings.moc">
      <Filter>Generated Files\Debug</Filter>
    </CustomBuild>
    <CustomBuild Include="GeneratedFiles\Release\mimetypesettings.moc">
      <Filter>Generated Files\Release</Filter>
    </CustomBuild>
    <CustomBuild Include="GeneratedFiles\Debug\searchresultwidget.moc">
      <Filter>Generated Files\Debug</Filter>
    </CustomBuild>
    <CustomBuild Include="GeneratedFiles\Release\searchresultwidget.moc">
      <Filter>Generated Files\Release</Filter>
    </CustomBuild>
    <CustomBuild Include="GeneratedFiles\Debug\searchresultwindow.moc">
      <Filter>Generated Files\Debug</Filter>
    </CustomBuild>
    <CustomBuild Include="GeneratedFiles\Release\searchresultwindow.moc">
      <Filter>Generated Files\Release</Filter>
    </CustomBuild>
    <CustomBuild Include="core.qrc">
      <Filter>Resource Files</Filter>
    </CustomBuild>
    <CustomBuild Include="fancyactionbar.qrc">
      <Filter>Resource Files</Filter>
    </CustomBuild>
    <CustomBuild Include="find\find.qrc">
      <Filter>Resource Files</Filter>
    </CustomBuild>
    <CustomBuild Include="cycameracategorymode.h">
      <Filter>Header Files</Filter>
    </CustomBuild>
    <CustomBuild Include="cycameramanager_p.h">
      <Filter>Header Files</Filter>
    </CustomBuild>
    <CustomBuild Include="cycameramanager.h">
      <Filter>Header Files</Filter>
    </CustomBuild>
    <CustomBuild Include="cyframeparsermanager.h">
      <Filter>Header Files</Filter>
    </CustomBuild>
    <CustomBuild Include="cyframeparsermanager_p.h">
      <Filter>Header Files</Filter>
    </CustomBuild>
    <CustomBuild Include="cydefaultframeview.h">
      <Filter>Header Files</Filter>
    </CustomBuild>
    <CustomBuild Include="cydefaultframeview_p.h">
      <Filter>Header Files</Filter>
    </CustomBuild>
  </ItemGroup>
  <ItemGroup>
    <ClInclude Include="GeneratedFiles\ui_locatorsettingspage.h">
      <Filter>Generated Files</Filter>
    </ClInclude>
    <ClInclude Include="GeneratedFiles\ui_directoryfilter.h">
      <Filter>Generated Files</Filter>
    </ClInclude>
    <ClInclude Include="GeneratedFiles\ui_filesystemfilter.h">
      <Filter>Generated Files</Filter>
    </ClInclude>
    <ClInclude Include="GeneratedFiles\ui_finddialog.h">
      <Filter>Generated Files</Filter>
    </ClInclude>
    <ClInclude Include="GeneratedFiles\ui_findwidget.h">
      <Filter>Generated Files</Filter>
    </ClInclude>
    <ClInclude Include="GeneratedFiles\ui_addtovcsdialog.h">
      <Filter>Generated Files</Filter>
    </ClInclude>
    <ClInclude Include="GeneratedFiles\ui_externaltoolconfig.h">
      <Filter>Generated Files</Filter>
    </ClInclude>
    <ClInclude Include="GeneratedFiles\ui_newdialog.h">
      <Filter>Generated Files</Filter>
    </ClInclude>
    <ClInclude Include="GeneratedFiles\ui_openwithdialog.h">
      <Filter>Generated Files</Filter>
    </ClInclude>
    <ClInclude Include="GeneratedFiles\ui_readonlyfilesdialog.h">
      <Filter>Generated Files</Filter>
    </ClInclude>
    <ClInclude Include="GeneratedFiles\ui_saveitemsdialog.h">
      <Filter>Generated Files</Filter>
    </ClInclude>
    <ClInclude Include="GeneratedFiles\ui_generalsettings.h">
      <Filter>Generated Files</Filter>
    </ClInclude>
    <ClInclude Include="GeneratedFiles\ui_mimetypemagicdialog.h">
      <Filter>Generated Files</Filter>
    </ClInclude>
    <ClInclude Include="GeneratedFiles\ui_mimetypesettingspage.h">
      <Filter>Generated Files</Filter>
    </ClInclude>
    <ClInclude Include="GeneratedFiles\ui_removefiledialog.h">
      <Filter>Generated Files</Filter>
    </ClInclude>
    <ClInclude Include="GeneratedFiles\ui_systemsettings.h">
      <Filter>Generated Files</Filter>
    </ClInclude>
    <ClInclude Include="core_global.h">
      <Filter>Header Files</Filter>
    </ClInclude>
    <ClInclude Include="coreconstants.h">
      <Filter>Header Files</Filter>
    </ClInclude>
    <ClInclude Include="coreicons.h">
      <Filter>Header Files</Filter>
    </ClInclude>
    <ClInclude Include="editormanager\documentmodel.h">
      <Filter>Header Files</Filter>
    </ClInclude>
    <ClInclude Include="featureprovider.h">
      <Filter>Header Files</Filter>
    </ClInclude>
    <ClInclude Include="fileiconprovider.h">
      <Filter>Header Files</Filter>
    </ClInclude>
    <ClInclude Include="fileutils.h">
      <Filter>Header Files</Filter>
    </ClInclude>
    <ClInclude Include="generatedfile.h">
      <Filter>Header Files</Filter>
    </ClInclude>
    <ClInclude Include="jsexpander.h">
      <Filter>Header Files</Filter>
    </ClInclude>
    <ClInclude Include="locator\locatorconstants.h">
      <Filter>Header Files</Filter>
    </ClInclude>
    <ClInclude Include="locator\locatorfiltertest.h">
      <Filter>Header Files</Filter>
    </ClInclude>
    <ClInclude Include="locator\locatorsearchutils.h">
      <Filter>Header Files</Filter>
    </ClInclude>
    <ClInclude Include="messagebox.h">
      <Filter>Header Files</Filter>
    </ClInclude>
    <ClInclude Include="mimetypemagicdialog.h">
      <Filter>Header Files</Filter>
    </ClInclude>
    <ClInclude Include="minisplitter.h">
      <Filter>Header Files</Filter>
    </ClInclude>
    <ClInclude Include="find\searchresultcolor.h">
      <Filter>Header Files</Filter>
    </ClInclude>
    <ClInclude Include="find\searchresulttreeitemdelegate.h">
      <Filter>Header Files</Filter>
    </ClInclude>
    <ClInclude Include="find\searchresulttreeitemroles.h">
      <Filter>Header Files</Filter>
    </ClInclude>
    <ClInclude Include="find\searchresulttreeitems.h">
      <Filter>Header Files</Filter>
    </ClInclude>
    <ClInclude Include="settingsdatabase.h">
      <Filter>Header Files</Filter>
    </ClInclude>
    <ClInclude Include="testdatadir.h">
      <Filter>Header Files</Filter>
    </ClInclude>
    <ClInclude Include="find\textfindconstants.h">
      <Filter>Header Files</Filter>
    </ClInclude>
    <ClInclude Include="patchtool.h">
      <Filter>Header Files</Filter>
    </ClInclude>
  </ItemGroup>
  <ItemGroup>
    <ResourceCompile Include="coreplugin.rc" />
  </ItemGroup>
  <ItemGroup>
    <Image Include="images\clean_pane_small.png">
      <Filter>Resource Files</Filter>
    </Image>
    <Image Include="images\clean_pane_small%402x.png">
      <Filter>Resource Files</Filter>
    </Image>
    <Image Include="images\compile_error_taskbar.png">
      <Filter>Resource Files</Filter>
    </Image>
    <Image Include="images\compile_error_taskbar%402x.png">
      <Filter>Resource Files</Filter>
    </Image>
    <Image Include="images\dir.png">
      <Filter>Resource Files</Filter>
    </Image>
    <Image Include="images\editcopy.png">
      <Filter>Resource Files</Filter>
    </Image>
    <Image Include="images\editcut.png">
      <Filter>Resource Files</Filter>
    </Image>
    <Image Include="images\editpaste.png">
      <Filter>Resource Files</Filter>
    </Image>
    <Image Include="images\empty14.png">
      <Filter>Resource Files</Filter>
    </Image>
    <Image Include="images\filenew.png">
      <Filter>Resource Files</Filter>
    </Image>
    <Image Include="images\fileopen.png">
      <Filter>Resource Files</Filter>
    </Image>
    <Image Include="images\filesave.png">
      <Filter>Resource Files</Filter>
    </Image>
    <Image Include="images\filesave%402x.png">
      <Filter>Resource Files</Filter>
    </Image>
    <Image Include="images\logo\128\QtProject-qtcreator.png">
      <Filter>Resource Files</Filter>
    </Image>
    <Image Include="images\logo\256\QtProject-qtcreator.png">
      <Filter>Resource Files</Filter>
    </Image>
    <Image Include="images\inputfield.png">
      <Filter>Resource Files</Filter>
    </Image>
    <Image Include="images\inputfield%402x.png">
      <Filter>Resource Files</Filter>
    </Image>
    <Image Include="images\inputfield_disabled.png">
      <Filter>Resource Files</Filter>
    </Image>
    <Image Include="images\inputfield_disabled%402x.png">
      <Filter>Resource Files</Filter>
    </Image>
    <Image Include="images\close.png">
      <Filter>Resource Files</Filter>
    </Image>
    <Image Include="images\close%402x.png">
      <Filter>Resource Files</Filter>
    </Image>
    <Image Include="images\linkicon.png">
      <Filter>Resource Files</Filter>
    </Image>
    <Image Include="images\linkicon%402x.png">
      <Filter>Resource Files</Filter>
    </Image>
    <Image Include="images\magnifier.png">
      <Filter>Resource Files</Filter>
    </Image>
    <Image Include="images\magnifier%402x.png">
      <Filter>Resource Files</Filter>
    </Image>
    <Image Include="images\minus.png">
      <Filter>Resource Files</Filter>
    </Image>
    <Image Include="images\minus%402x.png">
      <Filter>Resource Files</Filter>
    </Image>
    <Image Include="images\panel_button.png">
      <Filter>Resource Files</Filter>
    </Image>
    <Image Include="images\panel_button%402x.png">
      <Filter>Resource Files</Filter>
    </Image>
    <Image Include="images\panel_button_checked.png">
      <Filter>Resource Files</Filter>
    </Image>
    <Image Include="images\panel_button_checked%402x.png">
      <Filter>Resource Files</Filter>
    </Image>
    <Image Include="images\panel_button_checked_hover.png">
      <Filter>Resource Files</Filter>
    </Image>
    <Image Include="images\panel_button_checked_hover%402x.png">
      <Filter>Resource Files</Filter>
    </Image>
    <Image Include="images\panel_button_hover.png">
      <Filter>Resource Files</Filter>
    </Image>
    <Image Include="images\panel_button_hover%402x.png">
      <Filter>Resource Files</Filter>
    </Image>
    <Image Include="images\panel_button_pressed.png">
      <Filter>Resource Files</Filter>
    </Image>
    <Image Include="images\panel_button_pressed%402x.png">
      <Filter>Resource Files</Filter>
    </Image>
    <Image Include="images\plus.png">
      <Filter>Resource Files</Filter>
    </Image>
    <Image Include="images\plus%402x.png">
      <Filter>Resource Files</Filter>
    </Image>
    <Image Include="images\redo.png">
      <Filter>Resource Files</Filter>
    </Image>
    <Image Include="images\replace_a.png">
      <Filter>Resource Files</Filter>
    </Image>
    <Image Include="images\replace_a%402x.png">
      <Filter>Resource Files</Filter>
    </Image>
    <Image Include="images\replace_b.png">
      <Filter>Resource Files</Filter>
    </Image>
    <Image Include="images\replace_b%402x.png">
      <Filter>Resource Files</Filter>
    </Image>
    <Image Include="images\reset.png">
      <Filter>Resource Files</Filter>
    </Image>
    <Image Include="images\sidebaricon.png">
      <Filter>Resource Files</Filter>
    </Image>
    <Image Include="images\sidebaricon%402x.png">
      <Filter>Resource Files</Filter>
    </Image>
    <Image Include="images\splitbutton_horizontal.png">
      <Filter>Resource Files</Filter>
    </Image>
    <Image Include="images\splitbutton_horizontal%402x.png">
      <Filter>Resource Files</Filter>
    </Image>
    <Image Include="images\undo.png">
      <Filter>Resource Files</Filter>
    </Image>
    <Image Include="images\unknownfile.png">
      <Filter>Resource Files</Filter>
    </Image>
    <Image Include="images\extension.png">
      <Filter>Resource Files</Filter>
    </Image>
    <Image Include="images\extension%402x.png">
      <Filter>Resource Files</Filter>
    </Image>
    <Image Include="images\category_core.png">
      <Filter>Resource Files</Filter>
    </Image>
    <Image Include="images\category_texteditor.png">
      <Filter>Resource Files</Filter>
    </Image>
    <Image Include="images\category_design.png">
      <Filter>Resource Files</Filter>
    </Image>
    <Image Include="images\progressbar.png">
      <Filter>Resource Files</Filter>
    </Image>
    <Image Include="images\progressbar%402x.png">
      <Filter>Resource Files</Filter>
    </Image>
    <Image Include="images\help.png">
      <Filter>Resource Files</Filter>
    </Image>
    <Image Include="images\editclear.png">
      <Filter>Resource Files</Filter>
    </Image>
    <Image Include="images\editclear%402x.png">
      <Filter>Resource Files</Filter>
    </Image>
    <Image Include="images\arrowdown.png">
      <Filter>Resource Files</Filter>
    </Image>
    <Image Include="images\arrowdown%402x.png">
      <Filter>Resource Files</Filter>
    </Image>
    <Image Include="images\arrowup.png">
      <Filter>Resource Files</Filter>
    </Image>
    <Image Include="images\arrowup%402x.png">
      <Filter>Resource Files</Filter>
    </Image>
    <Image Include="images\category_locator.png">
      <Filter>Resource Files</Filter>
    </Image>
    <Image Include="images\filtericon.png">
      <Filter>Resource Files</Filter>
    </Image>
    <Image Include="images\filtericon%402x.png">
      <Filter>Resource Files</Filter>
    </Image>
    <Image Include="images\splitbutton_closebottom.png">
      <Filter>Resource Files</Filter>
    </Image>
    <Image Include="images\splitbutton_closebottom%402x.png">
      <Filter>Resource Files</Filter>
    </Image>
    <Image Include="images\splitbutton_closeleft.png">
      <Filter>Resource Files</Filter>
    </Image>
    <Image Include="images\splitbutton_closeleft%402x.png">
      <Filter>Resource Files</Filter>
    </Image>
    <Image Include="images\splitbutton_closeright.png">
      <Filter>Resource Files</Filter>
    </Image>
    <Image Include="images\splitbutton_closeright%402x.png">
      <Filter>Resource Files</Filter>
    </Image>
    <Image Include="images\splitbutton_closetop.png">
      <Filter>Resource Files</Filter>
    </Image>
    <Image Include="images\splitbutton_closetop%402x.png">
      <Filter>Resource Files</Filter>
    </Image>
    <Image Include="images\splitbutton_vertical.png">
      <Filter>Resource Files</Filter>
    </Image>
    <Image Include="images\splitbutton_vertical%402x.png">
      <Filter>Resource Files</Filter>
    </Image>
    <Image Include="images\panel_manage_button.png">
      <Filter>Resource Files</Filter>
    </Image>
    <Image Include="images\panel_manage_button%402x.png">
      <Filter>Resource Files</Filter>
    </Image>
    <Image Include="images\reload_gray.png">
      <Filter>Resource Files</Filter>
    </Image>
    <Image Include="images\reload_gray%402x.png">
      <Filter>Resource Files</Filter>
    </Image>
    <Image Include="images\error.png">
      <Filter>Resource Files</Filter>
    </Image>
    <Image Include="images\error%402x.png">
      <Filter>Resource Files</Filter>
    </Image>
    <Image Include="images\warning.png">
      <Filter>Resource Files</Filter>
    </Image>
    <Image Include="images\warning%402x.png">
      <Filter>Resource Files</Filter>
    </Image>
    <Image Include="images\info.png">
      <Filter>Resource Files</Filter>
    </Image>
    <Image Include="images\info%402x.png">
      <Filter>Resource Files</Filter>
    </Image>
    <Image Include="images\warningfill.png">
      <Filter>Resource Files</Filter>
    </Image>
    <Image Include="images\warningfill%402x.png">
      <Filter>Resource Files</Filter>
    </Image>
    <Image Include="images\dark_fileicon.png">
      <Filter>Resource Files</Filter>
    </Image>
    <Image Include="images\dark_foldericon.png">
      <Filter>Resource Files</Filter>
    </Image>
    <Image Include="images\Desktop.png">
      <Filter>Resource Files</Filter>
    </Image>
    <Image Include="images\interrupt_small.png">
      <Filter>Resource Files</Filter>
    </Image>
    <Image Include="images\interrupt_small%402x.png">
      <Filter>Resource Files</Filter>
    </Image>
    <Image Include="images\run_small.png">
      <Filter>Resource Files</Filter>
    </Image>
    <Image Include="images\run_small%402x.png">
      <Filter>Resource Files</Filter>
    </Image>
    <Image Include="images\stop_small.png">
      <Filter>Resource Files</Filter>
    </Image>
    <Image Include="images\stop_small%402x.png">
      <Filter>Resource Files</Filter>
    </Image>
    <Image Include="images\boundingrect.png">
      <Filter>Resource Files</Filter>
    </Image>
    <Image Include="images\boundingrect%402x.png">
      <Filter>Resource Files</Filter>
    </Image>
    <Image Include="images\eye_closed.png">
      <Filter>Resource Files</Filter>
    </Image>
    <Image Include="images\eye_closed%402x.png">
      <Filter>Resource Files</Filter>
    </Image>
    <Image Include="images\eye_open.png">
      <Filter>Resource Files</Filter>
    </Image>
    <Image Include="images\eye_open%402x.png">
      <Filter>Resource Files</Filter>
    </Image>
    <Image Include="images\desktopdevicesmall.png">
      <Filter>Resource Files</Filter>
    </Image>
    <Image Include="images\desktopdevicesmall%402x.png">
      <Filter>Resource Files</Filter>
    </Image>
    <Image Include="images\reset%402x.png">
      <Filter>Resource Files</Filter>
    </Image>
    <Image Include="images\collapse.png">
      <Filter>Resource Files</Filter>
    </Image>
    <Image Include="images\collapse%402x.png">
      <Filter>Resource Files</Filter>
    </Image>
    <Image Include="images\expand.png">
      <Filter>Resource Files</Filter>
    </Image>
    <Image Include="images\expand%402x.png">
      <Filter>Resource Files</Filter>
    </Image>
    <Image Include="images\mode_Edit.png">
      <Filter>Resource Files</Filter>
    </Image>
    <Image Include="images\mode_Edit%402x.png">
      <Filter>Resource Files</Filter>
    </Image>
    <Image Include="images\mode_Design.png">
      <Filter>Resource Files</Filter>
    </Image>
    <Image Include="images\mode_Design%402x.png">
      <Filter>Resource Files</Filter>
    </Image>
    <Image Include="images\mode_edit_mask.png">
      <Filter>Resource Files</Filter>
    </Image>
    <Image Include="images\mode_edit_mask%402x.png">
      <Filter>Resource Files</Filter>
    </Image>
    <Image Include="images\mode_design_mask.png">
      <Filter>Resource Files</Filter>
    </Image>
    <Image Include="images\mode_design_mask%402x.png">
      <Filter>Resource Files</Filter>
    </Image>
    <Image Include="find\images\casesensitively.png">
      <Filter>Resource Files</Filter>
    </Image>
    <Image Include="find\images\casesensitively%402x.png">
      <Filter>Resource Files</Filter>
    </Image>
    <Image Include="find\images\wholewords.png">
      <Filter>Resource Files</Filter>
    </Image>
    <Image Include="find\images\wholewords%402x.png">
      <Filter>Resource Files</Filter>
    </Image>
    <Image Include="find\images\regexp.png">
      <Filter>Resource Files</Filter>
    </Image>
    <Image Include="find\images\regexp%402x.png">
      <Filter>Resource Files</Filter>
    </Image>
    <Image Include="find\images\expand.png">
      <Filter>Resource Files</Filter>
    </Image>
    <Image Include="find\images\expand%402x.png">
      <Filter>Resource Files</Filter>
    </Image>
    <Image Include="find\images\wrapindicator.png">
      <Filter>Resource Files</Filter>
    </Image>
    <Image Include="find\images\wrapindicator%402x.png">
      <Filter>Resource Files</Filter>
    </Image>
    <Image Include="find\images\preservecase.png">
      <Filter>Resource Files</Filter>
    </Image>
    <Image Include="find\images\preservecase%402x.png">
      <Filter>Resource Files</Filter>
    </Image>
  </ItemGroup>
  <ItemGroup>
    <None Include="Core.json">
      <Filter>Other Files</Filter>
    </None>
  </ItemGroup>
</Project>