<?xml version="1.0" encoding="utf-8"?>
<Project ToolsVersion="4.0" xmlns="http://schemas.microsoft.com/developer/msbuild/2003">
  <ItemGroup>
    <Filter Include="Source Files">
      <UniqueIdentifier>{4FC737F1-C7A5-4376-A066-2A32D752A2FF}</UniqueIdentifier>
      <Extensions>cpp;cxx;c;def</Extensions>
    </Filter>
    <Filter Include="Header Files">
      <UniqueIdentifier>{93995380-89BD-4b04-88EB-625FBE52EBFB}</UniqueIdentifier>
      <Extensions>h</Extensions>
    </Filter>
    <Filter Include="Form Files">
      <UniqueIdentifier>{99349809-55BA-4b9d-BF79-8FDBB0286EB3}</UniqueIdentifier>
      <Extensions>ui</Extensions>
    </Filter>
    <Filter Include="Resource Files">
      <UniqueIdentifier>{D9D6E242-F8AF-46E4-B9FD-80ECBC20BA3E}</UniqueIdentifier>
      <Extensions>qrc;*</Extensions>
      <ParseFiles>false</ParseFiles>
    </Filter>
    <Filter Include="Generated Files">
      <UniqueIdentifier>{71ED8ED8-ACB9-4CE9-BBE1-E00B30144E11}</UniqueIdentifier>
      <Extensions>moc;h;cpp</Extensions>
      <SourceControlFiles>False</SourceControlFiles>
    </Filter>
    <Filter Include="Generated Files\Debug">
      <UniqueIdentifier>{e448f856-f2c4-4e04-805c-53d5fd40af45}</UniqueIdentifier>
      <Extensions>cpp;moc</Extensions>
      <SourceControlFiles>False</SourceControlFiles>
    </Filter>
    <Filter Include="Generated Files\Release">
      <UniqueIdentifier>{d5827eb2-6ebe-432b-ae08-1adf9ed7b99f}</UniqueIdentifier>
      <Extensions>cpp;moc</Extensions>
      <SourceControlFiles>False</SourceControlFiles>
    </Filter>
  </ItemGroup>
  <ItemGroup>
    <ClCompile Include="GeneratedFiles\qrc_utils.cpp">
      <Filter>Generated Files</Filter>
    </ClCompile>
    <ClCompile Include="annotateditemdelegate.cpp">
      <Filter>Source Files</Filter>
    </ClCompile>
    <ClCompile Include="ansiescapecodehandler.cpp">
      <Filter>Source Files</Filter>
    </ClCompile>
    <ClCompile Include="appmainwindow.cpp">
      <Filter>Source Files</Filter>
    </ClCompile>
    <ClCompile Include="GeneratedFiles\Debug\moc_appmainwindow.cpp">
      <Filter>Generated Files\Debug</Filter>
    </ClCompile>
    <ClCompile Include="GeneratedFiles\Release\moc_appmainwindow.cpp">
      <Filter>Generated Files\Release</Filter>
    </ClCompile>
    <ClCompile Include="basetreeview.cpp">
      <Filter>Source Files</Filter>
    </ClCompile>
    <ClCompile Include="GeneratedFiles\Debug\moc_basetreeview.cpp">
      <Filter>Generated Files\Debug</Filter>
    </ClCompile>
    <ClCompile Include="GeneratedFiles\Release\moc_basetreeview.cpp">
      <Filter>Generated Files\Release</Filter>
    </ClCompile>
    <ClCompile Include="bracematcher.cpp">
      <Filter>Source Files</Filter>
    </ClCompile>
    <ClCompile Include="buildablehelperlibrary.cpp">
      <Filter>Source Files</Filter>
    </ClCompile>
    <ClCompile Include="categorysortfiltermodel.cpp">
      <Filter>Source Files</Filter>
    </ClCompile>
    <ClCompile Include="changeset.cpp">
      <Filter>Source Files</Filter>
    </ClCompile>
    <ClCompile Include="checkablemessagebox.cpp">
      <Filter>Source Files</Filter>
    </ClCompile>
    <ClCompile Include="GeneratedFiles\Debug\moc_checkablemessagebox.cpp">
      <Filter>Generated Files\Debug</Filter>
    </ClCompile>
    <ClCompile Include="GeneratedFiles\Release\moc_checkablemessagebox.cpp">
      <Filter>Generated Files\Release</Filter>
    </ClCompile>
    <ClCompile Include="classnamevalidatinglineedit.cpp">
      <Filter>Source Files</Filter>
    </ClCompile>
    <ClCompile Include="GeneratedFiles\Debug\moc_classnamevalidatinglineedit.cpp">
      <Filter>Generated Files\Debug</Filter>
    </ClCompile>
    <ClCompile Include="GeneratedFiles\Release\moc_classnamevalidatinglineedit.cpp">
      <Filter>Generated Files\Release</Filter>
    </ClCompile>
    <ClCompile Include="codegeneration.cpp">
      <Filter>Source Files</Filter>
    </ClCompile>
    <ClCompile Include="completinglineedit.cpp">
      <Filter>Source Files</Filter>
    </ClCompile>
    <ClCompile Include="GeneratedFiles\Debug\moc_completinglineedit.cpp">
      <Filter>Generated Files\Debug</Filter>
    </ClCompile>
    <ClCompile Include="GeneratedFiles\Release\moc_completinglineedit.cpp">
      <Filter>Generated Files\Release</Filter>
    </ClCompile>
    <ClCompile Include="completingtextedit.cpp">
      <Filter>Source Files</Filter>
    </ClCompile>
    <ClCompile Include="GeneratedFiles\Debug\moc_completingtextedit.cpp">
      <Filter>Generated Files\Debug</Filter>
    </ClCompile>
    <ClCompile Include="GeneratedFiles\Release\moc_completingtextedit.cpp">
      <Filter>Generated Files\Release</Filter>
    </ClCompile>
    <ClCompile Include="consoleprocess.cpp">
      <Filter>Source Files</Filter>
    </ClCompile>
    <ClCompile Include="GeneratedFiles\Debug\moc_consoleprocess.cpp">
      <Filter>Generated Files\Debug</Filter>
    </ClCompile>
    <ClCompile Include="GeneratedFiles\Release\moc_consoleprocess.cpp">
      <Filter>Generated Files\Release</Filter>
    </ClCompile>
    <ClCompile Include="consoleprocess_win.cpp">
      <Filter>Source Files</Filter>
    </ClCompile>
    <ClCompile Include="crumblepath.cpp">
      <Filter>Source Files</Filter>
    </ClCompile>
    <ClCompile Include="GeneratedFiles\Debug\moc_crumblepath.cpp">
      <Filter>Generated Files\Debug</Filter>
    </ClCompile>
    <ClCompile Include="GeneratedFiles\Release\moc_crumblepath.cpp">
      <Filter>Generated Files\Release</Filter>
    </ClCompile>
    <ClCompile Include="detailsbutton.cpp">
      <Filter>Source Files</Filter>
    </ClCompile>
    <ClCompile Include="GeneratedFiles\Debug\moc_detailsbutton.cpp">
      <Filter>Generated Files\Debug</Filter>
    </ClCompile>
    <ClCompile Include="GeneratedFiles\Release\moc_detailsbutton.cpp">
      <Filter>Generated Files\Release</Filter>
    </ClCompile>
    <ClCompile Include="detailswidget.cpp">
      <Filter>Source Files</Filter>
    </ClCompile>
    <ClCompile Include="GeneratedFiles\Debug\moc_detailswidget.cpp">
      <Filter>Generated Files\Debug</Filter>
    </ClCompile>
    <ClCompile Include="GeneratedFiles\Release\moc_detailswidget.cpp">
      <Filter>Generated Files\Release</Filter>
    </ClCompile>
    <ClCompile Include="dropsupport.cpp">
      <Filter>Source Files</Filter>
    </ClCompile>
    <ClCompile Include="GeneratedFiles\Debug\moc_dropsupport.cpp">
      <Filter>Generated Files\Debug</Filter>
    </ClCompile>
    <ClCompile Include="GeneratedFiles\Release\moc_dropsupport.cpp">
      <Filter>Generated Files\Release</Filter>
    </ClCompile>
    <ClCompile Include="elfreader.cpp">
      <Filter>Source Files</Filter>
    </ClCompile>
    <ClCompile Include="elidinglabel.cpp">
      <Filter>Source Files</Filter>
    </ClCompile>
    <ClCompile Include="GeneratedFiles\Debug\moc_elidinglabel.cpp">
      <Filter>Generated Files\Debug</Filter>
    </ClCompile>
    <ClCompile Include="GeneratedFiles\Release\moc_elidinglabel.cpp">
      <Filter>Generated Files\Release</Filter>
    </ClCompile>
    <ClCompile Include="environment.cpp">
      <Filter>Source Files</Filter>
    </ClCompile>
    <ClCompile Include="environmentmodel.cpp">
      <Filter>Source Files</Filter>
    </ClCompile>
    <ClCompile Include="GeneratedFiles\Debug\moc_environmentmodel.cpp">
      <Filter>Generated Files\Debug</Filter>
    </ClCompile>
    <ClCompile Include="GeneratedFiles\Release\moc_environmentmodel.cpp">
      <Filter>Generated Files\Release</Filter>
    </ClCompile>
    <ClCompile Include="execmenu.cpp">
      <Filter>Source Files</Filter>
    </ClCompile>
    <ClCompile Include="fadingindicator.cpp">
      <Filter>Source Files</Filter>
    </ClCompile>
    <ClCompile Include="faketooltip.cpp">
      <Filter>Source Files</Filter>
    </ClCompile>
    <ClCompile Include="GeneratedFiles\Debug\moc_faketooltip.cpp">
      <Filter>Generated Files\Debug</Filter>
    </ClCompile>
    <ClCompile Include="GeneratedFiles\Release\moc_faketooltip.cpp">
      <Filter>Generated Files\Release</Filter>
    </ClCompile>
    <ClCompile Include="fancylineedit.cpp">
      <Filter>Source Files</Filter>
    </ClCompile>
    <ClCompile Include="GeneratedFiles\Debug\moc_fancylineedit.cpp">
      <Filter>Generated Files\Debug</Filter>
    </ClCompile>
    <ClCompile Include="GeneratedFiles\Release\moc_fancylineedit.cpp">
      <Filter>Generated Files\Release</Filter>
    </ClCompile>
    <ClCompile Include="fancymainwindow.cpp">
      <Filter>Source Files</Filter>
    </ClCompile>
    <ClCompile Include="GeneratedFiles\Debug\moc_fancymainwindow.cpp">
      <Filter>Generated Files\Debug</Filter>
    </ClCompile>
    <ClCompile Include="GeneratedFiles\Release\moc_fancymainwindow.cpp">
      <Filter>Generated Files\Release</Filter>
    </ClCompile>
    <ClCompile Include="fileinprojectfinder.cpp">
      <Filter>Source Files</Filter>
    </ClCompile>
    <ClCompile Include="filenamevalidatinglineedit.cpp">
      <Filter>Source Files</Filter>
    </ClCompile>
    <ClCompile Include="GeneratedFiles\Debug\moc_filenamevalidatinglineedit.cpp">
      <Filter>Generated Files\Debug</Filter>
    </ClCompile>
    <ClCompile Include="GeneratedFiles\Release\moc_filenamevalidatinglineedit.cpp">
      <Filter>Generated Files\Release</Filter>
    </ClCompile>
    <ClCompile Include="filesearch.cpp">
      <Filter>Source Files</Filter>
    </ClCompile>
    <ClCompile Include="filesystemwatcher.cpp">
      <Filter>Source Files</Filter>
    </ClCompile>
    <ClCompile Include="GeneratedFiles\Debug\moc_filesystemwatcher.cpp">
      <Filter>Generated Files\Debug</Filter>
    </ClCompile>
    <ClCompile Include="GeneratedFiles\Release\moc_filesystemwatcher.cpp">
      <Filter>Generated Files\Release</Filter>
    </ClCompile>
    <ClCompile Include="fileutils.cpp">
      <Filter>Source Files</Filter>
    </ClCompile>
    <ClCompile Include="filewizardpage.cpp">
      <Filter>Source Files</Filter>
    </ClCompile>
    <ClCompile Include="GeneratedFiles\Debug\moc_filewizardpage.cpp">
      <Filter>Generated Files\Debug</Filter>
    </ClCompile>
    <ClCompile Include="GeneratedFiles\Release\moc_filewizardpage.cpp">
      <Filter>Generated Files\Release</Filter>
    </ClCompile>
    <ClCompile Include="flowlayout.cpp">
      <Filter>Source Files</Filter>
    </ClCompile>
    <ClCompile Include="headerviewstretcher.cpp">
      <Filter>Source Files</Filter>
    </ClCompile>
    <ClCompile Include="historycompleter.cpp">
      <Filter>Source Files</Filter>
    </ClCompile>
    <ClCompile Include="GeneratedFiles\Debug\moc_historycompleter.cpp">
      <Filter>Generated Files\Debug</Filter>
    </ClCompile>
    <ClCompile Include="GeneratedFiles\Release\moc_historycompleter.cpp">
      <Filter>Generated Files\Release</Filter>
    </ClCompile>
    <ClCompile Include="hostosinfo.cpp">
      <Filter>Source Files</Filter>
    </ClCompile>
    <ClCompile Include="htmldocextractor.cpp">
      <Filter>Source Files</Filter>
    </ClCompile>
    <ClCompile Include="icon.cpp">
      <Filter>Source Files</Filter>
    </ClCompile>
    <ClCompile Include="itemviews.cpp">
      <Filter>Source Files</Filter>
    </ClCompile>
    <ClCompile Include="GeneratedFiles\Debug\moc_itemviews.cpp">
      <Filter>Generated Files\Debug</Filter>
    </ClCompile>
    <ClCompile Include="GeneratedFiles\Release\moc_itemviews.cpp">
      <Filter>Generated Files\Release</Filter>
    </ClCompile>
    <ClCompile Include="json.cpp">
      <Filter>Source Files</Filter>
    </ClCompile>
    <ClCompile Include="linecolumnlabel.cpp">
      <Filter>Source Files</Filter>
    </ClCompile>
    <ClCompile Include="GeneratedFiles\Debug\moc_linecolumnlabel.cpp">
      <Filter>Generated Files\Debug</Filter>
    </ClCompile>
    <ClCompile Include="GeneratedFiles\Release\moc_linecolumnlabel.cpp">
      <Filter>Generated Files\Release</Filter>
    </ClCompile>
    <ClCompile Include="macroexpander.cpp">
      <Filter>Source Files</Filter>
    </ClCompile>
    <ClCompile Include="navigationtreeview.cpp">
      <Filter>Source Files</Filter>
    </ClCompile>
    <ClCompile Include="GeneratedFiles\Debug\moc_navigationtreeview.cpp">
      <Filter>Generated Files\Debug</Filter>
    </ClCompile>
    <ClCompile Include="GeneratedFiles\Release\moc_navigationtreeview.cpp">
      <Filter>Generated Files\Release</Filter>
    </ClCompile>
    <ClCompile Include="networkaccessmanager.cpp">
      <Filter>Source Files</Filter>
    </ClCompile>
    <ClCompile Include="GeneratedFiles\Debug\moc_networkaccessmanager.cpp">
      <Filter>Generated Files\Debug</Filter>
    </ClCompile>
    <ClCompile Include="GeneratedFiles\Release\moc_networkaccessmanager.cpp">
      <Filter>Generated Files\Release</Filter>
    </ClCompile>
    <ClCompile Include="newclasswidget.cpp">
      <Filter>Source Files</Filter>
    </ClCompile>
    <ClCompile Include="GeneratedFiles\Debug\moc_newclasswidget.cpp">
      <Filter>Generated Files\Debug</Filter>
    </ClCompile>
    <ClCompile Include="GeneratedFiles\Release\moc_newclasswidget.cpp">
      <Filter>Generated Files\Release</Filter>
    </ClCompile>
    <ClCompile Include="outputformatter.cpp">
      <Filter>Source Files</Filter>
    </ClCompile>
    <ClCompile Include="GeneratedFiles\Debug\moc_outputformatter.cpp">
      <Filter>Generated Files\Debug</Filter>
    </ClCompile>
    <ClCompile Include="GeneratedFiles\Release\moc_outputformatter.cpp">
      <Filter>Generated Files\Release</Filter>
    </ClCompile>
    <ClCompile Include="overridecursor.cpp">
      <Filter>Source Files</Filter>
    </ClCompile>
    <ClCompile Include="parameteraction.cpp">
      <Filter>Source Files</Filter>
    </ClCompile>
    <ClCompile Include="GeneratedFiles\Debug\moc_parameteraction.cpp">
      <Filter>Generated Files\Debug</Filter>
    </ClCompile>
    <ClCompile Include="GeneratedFiles\Release\moc_parameteraction.cpp">
      <Filter>Generated Files\Release</Filter>
    </ClCompile>
    <ClCompile Include="pathchooser.cpp">
      <Filter>Source Files</Filter>
    </ClCompile>
    <ClCompile Include="GeneratedFiles\Debug\moc_pathchooser.cpp">
      <Filter>Generated Files\Debug</Filter>
    </ClCompile>
    <ClCompile Include="GeneratedFiles\Release\moc_pathchooser.cpp">
      <Filter>Generated Files\Release</Filter>
    </ClCompile>
    <ClCompile Include="pathlisteditor.cpp">
      <Filter>Source Files</Filter>
    </ClCompile>
    <ClCompile Include="GeneratedFiles\Debug\moc_pathlisteditor.cpp">
      <Filter>Generated Files\Debug</Filter>
    </ClCompile>
    <ClCompile Include="GeneratedFiles\Release\moc_pathlisteditor.cpp">
      <Filter>Generated Files\Release</Filter>
    </ClCompile>
    <ClCompile Include="persistentsettings.cpp">
      <Filter>Source Files</Filter>
    </ClCompile>
    <ClCompile Include="port.cpp">
      <Filter>Source Files</Filter>
    </ClCompile>
    <ClCompile Include="portlist.cpp">
      <Filter>Source Files</Filter>
    </ClCompile>
    <ClCompile Include="progressindicator.cpp">
      <Filter>Source Files</Filter>
    </ClCompile>
    <ClCompile Include="GeneratedFiles\Debug\moc_progressindicator.cpp">
      <Filter>Generated Files\Debug</Filter>
    </ClCompile>
    <ClCompile Include="GeneratedFiles\Release\moc_progressindicator.cpp">
      <Filter>Generated Files\Release</Filter>
    </ClCompile>
    <ClCompile Include="projectintropage.cpp">
      <Filter>Source Files</Filter>
    </ClCompile>
    <ClCompile Include="GeneratedFiles\Debug\moc_projectintropage.cpp">
      <Filter>Generated Files\Debug</Filter>
    </ClCompile>
    <ClCompile Include="GeneratedFiles\Release\moc_projectintropage.cpp">
      <Filter>Generated Files\Release</Filter>
    </ClCompile>
    <ClCompile Include="proxyaction.cpp">
      <Filter>Source Files</Filter>
    </ClCompile>
    <ClCompile Include="GeneratedFiles\Debug\moc_proxyaction.cpp">
      <Filter>Generated Files\Debug</Filter>
    </ClCompile>
    <ClCompile Include="GeneratedFiles\Release\moc_proxyaction.cpp">
      <Filter>Generated Files\Release</Filter>
    </ClCompile>
    <ClCompile Include="proxycredentialsdialog.cpp">
      <Filter>Source Files</Filter>
    </ClCompile>
    <ClCompile Include="GeneratedFiles\Debug\moc_proxycredentialsdialog.cpp">
      <Filter>Generated Files\Debug</Filter>
    </ClCompile>
    <ClCompile Include="GeneratedFiles\Release\moc_proxycredentialsdialog.cpp">
      <Filter>Generated Files\Release</Filter>
    </ClCompile>
    <ClCompile Include="qtcassert.cpp">
      <Filter>Source Files</Filter>
    </ClCompile>
    <ClCompile Include="qtcolorbutton.cpp">
      <Filter>Source Files</Filter>
    </ClCompile>
    <ClCompile Include="GeneratedFiles\Debug\moc_qtcolorbutton.cpp">
      <Filter>Generated Files\Debug</Filter>
    </ClCompile>
    <ClCompile Include="GeneratedFiles\Release\moc_qtcolorbutton.cpp">
      <Filter>Generated Files\Release</Filter>
    </ClCompile>
    <ClCompile Include="qtcprocess.cpp">
      <Filter>Source Files</Filter>
    </ClCompile>
    <ClCompile Include="GeneratedFiles\Debug\moc_qtcprocess.cpp">
      <Filter>Generated Files\Debug</Filter>
    </ClCompile>
    <ClCompile Include="GeneratedFiles\Release\moc_qtcprocess.cpp">
      <Filter>Generated Files\Release</Filter>
    </ClCompile>
    <ClCompile Include="reloadpromptutils.cpp">
      <Filter>Source Files</Filter>
    </ClCompile>
    <ClCompile Include="runextensions.cpp">
      <Filter>Source Files</Filter>
    </ClCompile>
    <ClCompile Include="savedaction.cpp">
      <Filter>Source Files</Filter>
    </ClCompile>
    <ClCompile Include="GeneratedFiles\Debug\moc_savedaction.cpp">
      <Filter>Generated Files\Debug</Filter>
    </ClCompile>
    <ClCompile Include="GeneratedFiles\Release\moc_savedaction.cpp">
      <Filter>Generated Files\Release</Filter>
    </ClCompile>
    <ClCompile Include="savefile.cpp">
      <Filter>Source Files</Filter>
    </ClCompile>
    <ClCompile Include="settingsselector.cpp">
      <Filter>Source Files</Filter>
    </ClCompile>
    <ClCompile Include="GeneratedFiles\Debug\moc_settingsselector.cpp">
      <Filter>Generated Files\Debug</Filter>
    </ClCompile>
    <ClCompile Include="GeneratedFiles\Release\moc_settingsselector.cpp">
      <Filter>Generated Files\Release</Filter>
    </ClCompile>
    <ClCompile Include="shellcommand.cpp">
      <Filter>Source Files</Filter>
    </ClCompile>
    <ClCompile Include="GeneratedFiles\Debug\moc_shellcommand.cpp">
      <Filter>Generated Files\Debug</Filter>
    </ClCompile>
    <ClCompile Include="GeneratedFiles\Release\moc_shellcommand.cpp">
      <Filter>Generated Files\Release</Filter>
    </ClCompile>
    <ClCompile Include="shellcommandpage.cpp">
      <Filter>Source Files</Filter>
    </ClCompile>
    <ClCompile Include="GeneratedFiles\Debug\moc_shellcommandpage.cpp">
      <Filter>Generated Files\Debug</Filter>
    </ClCompile>
    <ClCompile Include="GeneratedFiles\Release\moc_shellcommandpage.cpp">
      <Filter>Generated Files\Release</Filter>
    </ClCompile>
    <ClCompile Include="sleep.cpp">
      <Filter>Source Files</Filter>
    </ClCompile>
    <ClCompile Include="statuslabel.cpp">
      <Filter>Source Files</Filter>
    </ClCompile>
    <ClCompile Include="GeneratedFiles\Debug\moc_statuslabel.cpp">
      <Filter>Generated Files\Debug</Filter>
    </ClCompile>
    <ClCompile Include="GeneratedFiles\Release\moc_statuslabel.cpp">
      <Filter>Generated Files\Release</Filter>
    </ClCompile>
    <ClCompile Include="stringutils.cpp">
      <Filter>Source Files</Filter>
    </ClCompile>
    <ClCompile Include="styledbar.cpp">
      <Filter>Source Files</Filter>
    </ClCompile>
    <ClCompile Include="GeneratedFiles\Debug\moc_styledbar.cpp">
      <Filter>Generated Files\Debug</Filter>
    </ClCompile>
    <ClCompile Include="GeneratedFiles\Release\moc_styledbar.cpp">
      <Filter>Generated Files\Release</Filter>
    </ClCompile>
    <ClCompile Include="stylehelper.cpp">
      <Filter>Source Files</Filter>
    </ClCompile>
    <ClCompile Include="GeneratedFiles\Debug\moc_synchronousprocess.cpp">
      <Filter>Generated Files\Debug</Filter>
    </ClCompile>
    <ClCompile Include="GeneratedFiles\Release\moc_synchronousprocess.cpp">
      <Filter>Generated Files\Release</Filter>
    </ClCompile>
    <ClCompile Include="templateengine.cpp">
      <Filter>Source Files</Filter>
    </ClCompile>
    <ClCompile Include="textfieldcheckbox.cpp">
      <Filter>Source Files</Filter>
    </ClCompile>
    <ClCompile Include="GeneratedFiles\Debug\moc_textfieldcheckbox.cpp">
      <Filter>Generated Files\Debug</Filter>
    </ClCompile>
    <ClCompile Include="GeneratedFiles\Release\moc_textfieldcheckbox.cpp">
      <Filter>Generated Files\Release</Filter>
    </ClCompile>
    <ClCompile Include="textfieldcombobox.cpp">
      <Filter>Source Files</Filter>
    </ClCompile>
    <ClCompile Include="GeneratedFiles\Debug\moc_textfieldcombobox.cpp">
      <Filter>Generated Files\Debug</Filter>
    </ClCompile>
    <ClCompile Include="GeneratedFiles\Release\moc_textfieldcombobox.cpp">
      <Filter>Generated Files\Release</Filter>
    </ClCompile>
    <ClCompile Include="textfileformat.cpp">
      <Filter>Source Files</Filter>
    </ClCompile>
    <ClCompile Include="treemodel.cpp">
      <Filter>Source Files</Filter>
    </ClCompile>
    <ClCompile Include="GeneratedFiles\Debug\moc_treemodel.cpp">
      <Filter>Generated Files\Debug</Filter>
    </ClCompile>
    <ClCompile Include="GeneratedFiles\Release\moc_treemodel.cpp">
      <Filter>Generated Files\Release</Filter>
    </ClCompile>
    <ClCompile Include="treeviewcombobox.cpp">
      <Filter>Source Files</Filter>
    </ClCompile>
    <ClCompile Include="GeneratedFiles\Debug\moc_treeviewcombobox.cpp">
      <Filter>Generated Files\Debug</Filter>
    </ClCompile>
    <ClCompile Include="GeneratedFiles\Release\moc_treeviewcombobox.cpp">
      <Filter>Generated Files\Release</Filter>
    </ClCompile>
    <ClCompile Include="uncommentselection.cpp">
      <Filter>Source Files</Filter>
    </ClCompile>
    <ClCompile Include="unixutils.cpp">
      <Filter>Source Files</Filter>
    </ClCompile>
    <ClCompile Include="winutils.cpp">
      <Filter>Source Files</Filter>
    </ClCompile>
    <ClCompile Include="wizard.cpp">
      <Filter>Source Files</Filter>
    </ClCompile>
    <ClCompile Include="GeneratedFiles\Debug\moc_wizard.cpp">
      <Filter>Generated Files\Debug</Filter>
    </ClCompile>
    <ClCompile Include="GeneratedFiles\Release\moc_wizard.cpp">
      <Filter>Generated Files\Release</Filter>
    </ClCompile>
    <ClCompile Include="wizardpage.cpp">
      <Filter>Source Files</Filter>
    </ClCompile>
    <ClCompile Include="GeneratedFiles\Debug\moc_wizardpage.cpp">
      <Filter>Generated Files\Debug</Filter>
    </ClCompile>
    <ClCompile Include="GeneratedFiles\Release\moc_wizardpage.cpp">
      <Filter>Generated Files\Release</Filter>
    </ClCompile>
    <ClCompile Include="mimetypes\mimedatabase.cpp">
      <Filter>Source Files</Filter>
    </ClCompile>
    <ClCompile Include="mimetypes\mimeglobpattern.cpp">
      <Filter>Source Files</Filter>
    </ClCompile>
    <ClCompile Include="mimetypes\mimemagicrule.cpp">
      <Filter>Source Files</Filter>
    </ClCompile>
    <ClCompile Include="mimetypes\mimemagicrulematcher.cpp">
      <Filter>Source Files</Filter>
    </ClCompile>
    <ClCompile Include="mimetypes\mimeprovider.cpp">
      <Filter>Source Files</Filter>
    </ClCompile>
    <ClCompile Include="mimetypes\mimetype.cpp">
      <Filter>Source Files</Filter>
    </ClCompile>
    <ClCompile Include="mimetypes\mimetypeparser.cpp">
      <Filter>Source Files</Filter>
    </ClCompile>
    <ClCompile Include="theme\theme.cpp">
      <Filter>Source Files</Filter>
    </ClCompile>
    <ClCompile Include="GeneratedFiles\Debug\moc_theme.cpp">
      <Filter>Generated Files\Debug</Filter>
    </ClCompile>
    <ClCompile Include="GeneratedFiles\Release\moc_theme.cpp">
      <Filter>Generated Files\Release</Filter>
    </ClCompile>
    <ClCompile Include="tooltip\tips.cpp">
      <Filter>Source Files</Filter>
    </ClCompile>
    <ClCompile Include="GeneratedFiles\Debug\moc_tips.cpp">
      <Filter>Generated Files\Debug</Filter>
    </ClCompile>
    <ClCompile Include="GeneratedFiles\Release\moc_tips.cpp">
      <Filter>Generated Files\Release</Filter>
    </ClCompile>
    <ClCompile Include="tooltip\tooltip.cpp">
      <Filter>Source Files</Filter>
    </ClCompile>
    <ClCompile Include="GeneratedFiles\Debug\moc_tooltip.cpp">
      <Filter>Generated Files\Debug</Filter>
    </ClCompile>
    <ClCompile Include="GeneratedFiles\Release\moc_tooltip.cpp">
      <Filter>Generated Files\Release</Filter>
    </ClCompile>
    <ClCompile Include="GeneratedFiles\Debug\moc_mapreduce.cpp">
      <Filter>Generated Files\Debug</Filter>
    </ClCompile>
    <ClCompile Include="GeneratedFiles\Release\moc_mapreduce.cpp">
      <Filter>Generated Files\Release</Filter>
    </ClCompile>
    <ClCompile Include="environmentdialog.cpp">
      <Filter>Source Files</Filter>
    </ClCompile>
    <ClCompile Include="GeneratedFiles\Debug\moc_environmentdialog.cpp">
      <Filter>Generated Files\Debug</Filter>
    </ClCompile>
    <ClCompile Include="GeneratedFiles\Release\moc_environmentdialog.cpp">
      <Filter>Generated Files\Release</Filter>
    </ClCompile>
    <ClCompile Include="synchronousprocess.cpp">
      <Filter>Source Files</Filter>
    </ClCompile>
    <ClCompile Include="id.cpp">
      <Filter>Source Files</Filter>
    </ClCompile>
  </ItemGroup>
  <ItemGroup>
    <ClInclude Include="GeneratedFiles\ui_filewizardpage.h">
      <Filter>Generated Files</Filter>
    </ClInclude>
    <ClInclude Include="GeneratedFiles\ui_newclasswidget.h">
      <Filter>Generated Files</Filter>
    </ClInclude>
    <ClInclude Include="GeneratedFiles\ui_projectintropage.h">
      <Filter>Generated Files</Filter>
    </ClInclude>
    <ClInclude Include="GeneratedFiles\ui_proxycredentialsdialog.h">
      <Filter>Generated Files</Filter>
    </ClInclude>
    <ClInclude Include="algorithm.h">
      <Filter>Header Files</Filter>
    </ClInclude>
    <ClInclude Include="annotateditemdelegate.h">
      <Filter>Header Files</Filter>
    </ClInclude>
    <ClInclude Include="ansiescapecodehandler.h">
      <Filter>Header Files</Filter>
    </ClInclude>
    <ClInclude Include="bracematcher.h">
      <Filter>Header Files</Filter>
    </ClInclude>
    <ClInclude Include="buildablehelperlibrary.h">
      <Filter>Header Files</Filter>
    </ClInclude>
    <ClInclude Include="categorysortfiltermodel.h">
      <Filter>Header Files</Filter>
    </ClInclude>
    <ClInclude Include="changeset.h">
      <Filter>Header Files</Filter>
    </ClInclude>
    <ClInclude Include="codegeneration.h">
      <Filter>Header Files</Filter>
    </ClInclude>
    <ClInclude Include="consoleprocess_p.h">
      <Filter>Header Files</Filter>
    </ClInclude>
    <ClInclude Include="declarationmacros.h">
      <Filter>Header Files</Filter>
    </ClInclude>
    <ClInclude Include="elfreader.h">
      <Filter>Header Files</Filter>
    </ClInclude>
    <ClInclude Include="environment.h">
      <Filter>Header Files</Filter>
    </ClInclude>
    <ClInclude Include="execmenu.h">
      <Filter>Header Files</Filter>
    </ClInclude>
    <ClInclude Include="executeondestruction.h">
      <Filter>Header Files</Filter>
    </ClInclude>
    <ClInclude Include="fadingindicator.h">
      <Filter>Header Files</Filter>
    </ClInclude>
    <ClInclude Include="fileinprojectfinder.h">
      <Filter>Header Files</Filter>
    </ClInclude>
    <ClInclude Include="filesearch.h">
      <Filter>Header Files</Filter>
    </ClInclude>
    <ClInclude Include="fileutils.h">
      <Filter>Header Files</Filter>
    </ClInclude>
    <ClInclude Include="flowlayout.h">
      <Filter>Header Files</Filter>
    </ClInclude>
    <ClInclude Include="functiontraits.h">
      <Filter>Header Files</Filter>
    </ClInclude>
    <ClInclude Include="headerviewstretcher.h">
      <Filter>Header Files</Filter>
    </ClInclude>
    <ClInclude Include="hostosinfo.h">
      <Filter>Header Files</Filter>
    </ClInclude>
    <ClInclude Include="htmldocextractor.h">
      <Filter>Header Files</Filter>
    </ClInclude>
    <ClInclude Include="icon.h">
      <Filter>Header Files</Filter>
    </ClInclude>
    <ClInclude Include="json.h">
      <Filter>Header Files</Filter>
    </ClInclude>
    <ClInclude Include="listutils.h">
      <Filter>Header Files</Filter>
    </ClInclude>
    <ClInclude Include="macroexpander.h">
      <Filter>Header Files</Filter>
    </ClInclude>
    <ClInclude Include="osspecificaspects.h">
      <Filter>Header Files</Filter>
    </ClInclude>
    <ClInclude Include="outputformat.h">
      <Filter>Header Files</Filter>
    </ClInclude>
    <ClInclude Include="overridecursor.h">
      <Filter>Header Files</Filter>
    </ClInclude>
    <ClInclude Include="persistentsettings.h">
      <Filter>Header Files</Filter>
    </ClInclude>
    <ClInclude Include="port.h">
      <Filter>Header Files</Filter>
    </ClInclude>
    <ClInclude Include="portlist.h">
      <Filter>Header Files</Filter>
    </ClInclude>
    <ClInclude Include="qtcassert.h">
      <Filter>Header Files</Filter>
    </ClInclude>
    <ClInclude Include="reloadpromptutils.h">
      <Filter>Header Files</Filter>
    </ClInclude>
    <ClInclude Include="runextensions.h">
      <Filter>Header Files</Filter>
    </ClInclude>
    <ClInclude Include="savefile.h">
      <Filter>Header Files</Filter>
    </ClInclude>
    <ClInclude Include="scopedswap.h">
      <Filter>Header Files</Filter>
    </ClInclude>
    <ClInclude Include="sizedarray.h">
      <Filter>Header Files</Filter>
    </ClInclude>
    <ClInclude Include="sleep.h">
      <Filter>Header Files</Filter>
    </ClInclude>
    <ClInclude Include="smallstring.h">
      <Filter>Header Files</Filter>
    </ClInclude>
    <ClInclude Include="smallstringiterator.h">
      <Filter>Header Files</Filter>
    </ClInclude>
    <ClInclude Include="smallstringlayout.h">
      <Filter>Header Files</Filter>
    </ClInclude>
    <ClInclude Include="smallstringliteral.h">
      <Filter>Header Files</Filter>
    </ClInclude>
    <ClInclude Include="smallstringmemory.h">
      <Filter>Header Files</Filter>
    </ClInclude>
    <ClInclude Include="smallstringvector.h">
      <Filter>Header Files</Filter>
    </ClInclude>
    <ClInclude Include="stringutils.h">
      <Filter>Header Files</Filter>
    </ClInclude>
    <ClInclude Include="stylehelper.h">
      <Filter>Header Files</Filter>
    </ClInclude>
    <ClInclude Include="templateengine.h">
      <Filter>Header Files</Filter>
    </ClInclude>
    <ClInclude Include="textfileformat.h">
      <Filter>Header Files</Filter>
    </ClInclude>
    <ClInclude Include="uncommentselection.h">
      <Filter>Header Files</Filter>
    </ClInclude>
    <ClInclude Include="unixutils.h">
      <Filter>Header Files</Filter>
    </ClInclude>
    <ClInclude Include="utilsicons.h">
      <Filter>Header Files</Filter>
    </ClInclude>
    <ClInclude Include="winutils.h">
      <Filter>Header Files</Filter>
    </ClInclude>
    <ClInclude Include="mimetypes\mimedatabase.h">
      <Filter>Header Files</Filter>
    </ClInclude>
    <ClInclude Include="mimetypes\mimedatabase_p.h">
      <Filter>Header Files</Filter>
    </ClInclude>
    <ClInclude Include="mimetypes\mimeglobpattern_p.h">
      <Filter>Header Files</Filter>
    </ClInclude>
    <ClInclude Include="mimetypes\mimemagicrule_p.h">
      <Filter>Header Files</Filter>
    </ClInclude>
    <ClInclude Include="mimetypes\mimemagicrulematcher_p.h">
      <Filter>Header Files</Filter>
    </ClInclude>
    <ClInclude Include="mimetypes\mimeprovider_p.h">
      <Filter>Header Files</Filter>
    </ClInclude>
    <ClInclude Include="mimetypes\mimetype.h">
      <Filter>Header Files</Filter>
    </ClInclude>
    <ClInclude Include="mimetypes\mimetype_p.h">
      <Filter>Header Files</Filter>
    </ClInclude>
    <ClInclude Include="mimetypes\mimetypeparser_p.h">
      <Filter>Header Files</Filter>
    </ClInclude>
    <ClInclude Include="theme\theme_p.h">
      <Filter>Header Files</Filter>
    </ClInclude>
    <ClInclude Include="tooltip\effects.h">
      <Filter>Header Files</Filter>
    </ClInclude>
    <ClInclude Include="tooltip\reuse.h">
      <Filter>Header Files</Filter>
    </ClInclude>
    <ClInclude Include="utils_global.h">
      <Filter>Header Files</Filter>
    </ClInclude>
    <ClInclude Include="settingsutils.h">
      <Filter>Header Files</Filter>
    </ClInclude>
    <ClInclude Include="id.h">
      <Filter>Header Files</Filter>
    </ClInclude>
  </ItemGroup>
  <ItemGroup>
    <CustomBuild Include="filewizardpage.ui">
      <Filter>Form Files</Filter>
    </CustomBuild>
    <CustomBuild Include="newclasswidget.ui">
      <Filter>Form Files</Filter>
    </CustomBuild>
    <CustomBuild Include="projectintropage.ui">
      <Filter>Form Files</Filter>
    </CustomBuild>
    <CustomBuild Include="proxycredentialsdialog.ui">
      <Filter>Form Files</Filter>
    </CustomBuild>
    <CustomBuild Include="utils.qrc">
      <Filter>Resource Files</Filter>
    </CustomBuild>
    <CustomBuild Include="appmainwindow.h">
      <Filter>Header Files</Filter>
    </CustomBuild>
    <CustomBuild Include="GeneratedFiles\Debug\basetreeview.moc">
      <Filter>Generated Files\Debug</Filter>
    </CustomBuild>
    <CustomBuild Include="GeneratedFiles\Release\basetreeview.moc">
      <Filter>Generated Files\Release</Filter>
    </CustomBuild>
    <CustomBuild Include="basetreeview.h">
      <Filter>Header Files</Filter>
    </CustomBuild>
    <CustomBuild Include="checkablemessagebox.h">
      <Filter>Header Files</Filter>
    </CustomBuild>
    <CustomBuild Include="classnamevalidatinglineedit.h">
      <Filter>Header Files</Filter>
    </CustomBuild>
    <CustomBuild Include="completinglineedit.h">
      <Filter>Header Files</Filter>
    </CustomBuild>
    <CustomBuild Include="completingtextedit.h">
      <Filter>Header Files</Filter>
    </CustomBuild>
    <CustomBuild Include="consoleprocess.h">
      <Filter>Header Files</Filter>
    </CustomBuild>
    <CustomBuild Include="GeneratedFiles\Debug\crumblepath.moc">
      <Filter>Generated Files\Debug</Filter>
    </CustomBuild>
    <CustomBuild Include="GeneratedFiles\Release\crumblepath.moc">
      <Filter>Generated Files\Release</Filter>
    </CustomBuild>
    <CustomBuild Include="crumblepath.h">
      <Filter>Header Files</Filter>
    </CustomBuild>
    <CustomBuild Include="detailsbutton.h">
      <Filter>Header Files</Filter>
    </CustomBuild>
    <CustomBuild Include="detailswidget.h">
      <Filter>Header Files</Filter>
    </CustomBuild>
    <CustomBuild Include="dropsupport.h">
      <Filter>Header Files</Filter>
    </CustomBuild>
    <CustomBuild Include="elidinglabel.h">
      <Filter>Header Files</Filter>
    </CustomBuild>
    <CustomBuild Include="environmentmodel.h">
      <Filter>Header Files</Filter>
    </CustomBuild>
    <CustomBuild Include="GeneratedFiles\Debug\fadingindicator.moc">
      <Filter>Generated Files\Debug</Filter>
    </CustomBuild>
    <CustomBuild Include="GeneratedFiles\Release\fadingindicator.moc">
      <Filter>Generated Files\Release</Filter>
    </CustomBuild>
    <CustomBuild Include="faketooltip.h">
      <Filter>Header Files</Filter>
    </CustomBuild>
    <CustomBuild Include="fancylineedit.h">
      <Filter>Header Files</Filter>
    </CustomBuild>
    <CustomBuild Include="fancymainwindow.h">
      <Filter>Header Files</Filter>
    </CustomBuild>
    <CustomBuild Include="filenamevalidatinglineedit.h">
      <Filter>Header Files</Filter>
    </CustomBuild>
    <CustomBuild Include="filesystemwatcher.h">
      <Filter>Header Files</Filter>
    </CustomBuild>
    <CustomBuild Include="filewizardpage.h">
      <Filter>Header Files</Filter>
    </CustomBuild>
    <CustomBuild Include="historycompleter.h">
      <Filter>Header Files</Filter>
    </CustomBuild>
    <CustomBuild Include="itemviews.h">
      <Filter>Header Files</Filter>
    </CustomBuild>
    <CustomBuild Include="linecolumnlabel.h">
      <Filter>Header Files</Filter>
    </CustomBuild>
    <CustomBuild Include="navigationtreeview.h">
      <Filter>Header Files</Filter>
    </CustomBuild>
    <CustomBuild Include="networkaccessmanager.h">
      <Filter>Header Files</Filter>
    </CustomBuild>
    <CustomBuild Include="newclasswidget.h">
      <Filter>Header Files</Filter>
    </CustomBuild>
    <CustomBuild Include="outputformatter.h">
      <Filter>Header Files</Filter>
    </CustomBuild>
    <CustomBuild Include="parameteraction.h">
      <Filter>Header Files</Filter>
    </CustomBuild>
    <CustomBuild Include="pathchooser.h">
      <Filter>Header Files</Filter>
    </CustomBuild>
    <CustomBuild Include="pathlisteditor.h">
      <Filter>Header Files</Filter>
    </CustomBuild>
    <CustomBuild Include="progressindicator.h">
      <Filter>Header Files</Filter>
    </CustomBuild>
    <CustomBuild Include="projectintropage.h">
      <Filter>Header Files</Filter>
    </CustomBuild>
    <CustomBuild Include="proxyaction.h">
      <Filter>Header Files</Filter>
    </CustomBuild>
    <CustomBuild Include="proxycredentialsdialog.h">
      <Filter>Header Files</Filter>
    </CustomBuild>
    <CustomBuild Include="GeneratedFiles\Debug\qtcolorbutton.moc">
      <Filter>Generated Files\Debug</Filter>
    </CustomBuild>
    <CustomBuild Include="GeneratedFiles\Release\qtcolorbutton.moc">
      <Filter>Generated Files\Release</Filter>
    </CustomBuild>
    <CustomBuild Include="qtcolorbutton.h">
      <Filter>Header Files</Filter>
    </CustomBuild>
    <CustomBuild Include="qtcprocess.h">
      <Filter>Header Files</Filter>
    </CustomBuild>
    <CustomBuild Include="savedaction.h">
      <Filter>Header Files</Filter>
    </CustomBuild>
    <CustomBuild Include="settingsselector.h">
      <Filter>Header Files</Filter>
    </CustomBuild>
    <CustomBuild Include="shellcommand.h">
      <Filter>Header Files</Filter>
    </CustomBuild>
    <CustomBuild Include="shellcommandpage.h">
      <Filter>Header Files</Filter>
    </CustomBuild>
    <CustomBuild Include="statuslabel.h">
      <Filter>Header Files</Filter>
    </CustomBuild>
    <CustomBuild Include="styledbar.h">
      <Filter>Header Files</Filter>
    </CustomBuild>
    <CustomBuild Include="synchronousprocess.h">
      <Filter>Header Files</Filter>
    </CustomBuild>
    <CustomBuild Include="textfieldcheckbox.h">
      <Filter>Header Files</Filter>
    </CustomBuild>
    <CustomBuild Include="textfieldcombobox.h">
      <Filter>Header Files</Filter>
    </CustomBuild>
    <CustomBuild Include="treemodel.h">
      <Filter>Header Files</Filter>
    </CustomBuild>
    <CustomBuild Include="treeviewcombobox.h">
      <Filter>Header Files</Filter>
    </CustomBuild>
    <CustomBuild Include="GeneratedFiles\Debug\wizard.moc">
      <Filter>Generated Files\Debug</Filter>
    </CustomBuild>
    <CustomBuild Include="GeneratedFiles\Release\wizard.moc">
      <Filter>Generated Files\Release</Filter>
    </CustomBuild>
    <CustomBuild Include="wizard.h">
      <Filter>Header Files</Filter>
    </CustomBuild>
    <CustomBuild Include="wizardpage.h">
      <Filter>Header Files</Filter>
    </CustomBuild>
    <CustomBuild Include="theme\theme.h">
      <Filter>Header Files</Filter>
    </CustomBuild>
    <CustomBuild Include="tooltip\tips.h">
      <Filter>Header Files</Filter>
    </CustomBuild>
    <CustomBuild Include="tooltip\tooltip.h">
      <Filter>Header Files</Filter>
    </CustomBuild>
    <CustomBuild Include="mapreduce.h">
      <Filter>Header Files</Filter>
    </CustomBuild>
    <CustomBuild Include="GeneratedFiles\Debug\environmentdialog.moc">
      <Filter>Generated Files\Debug</Filter>
    </CustomBuild>
    <CustomBuild Include="GeneratedFiles\Release\environmentdialog.moc">
      <Filter>Generated Files\Release</Filter>
    </CustomBuild>
    <CustomBuild Include="environmentdialog.h">
      <Filter>Header Files</Filter>
    </CustomBuild>
    <CustomBuild Include="GeneratedFiles\Debug\synchronousprocess.moc">
      <Filter>Generated Files\Debug</Filter>
    </CustomBuild>
    <CustomBuild Include="GeneratedFiles\Release\synchronousprocess.moc">
      <Filter>Generated Files\Release</Filter>
    </CustomBuild>
  </ItemGroup>
  <ItemGroup>
    <Image Include="images\arrow.png">
      <Filter>Resource Files</Filter>
    </Image>
    <Image Include="images\crumblepath-segment.png">
      <Filter>Resource Files</Filter>
    </Image>
    <Image Include="images\crumblepath-segment-end.png">
      <Filter>Resource Files</Filter>
    </Image>
    <Image Include="images\crumblepath-segment-hover.png">
      <Filter>Resource Files</Filter>
    </Image>
    <Image Include="images\crumblepath-segment-hover-end.png">
      <Filter>Resource Files</Filter>
    </Image>
    <Image Include="images\crumblepath-segment-selected.png">
      <Filter>Resource Files</Filter>
    </Image>
    <Image Include="images\crumblepath-segment-selected-end.png">
      <Filter>Resource Files</Filter>
    </Image>
    <Image Include="images\progressindicator_big.png">
      <Filter>Resource Files</Filter>
    </Image>
    <Image Include="images\progressindicator_big%402x.png">
      <Filter>Resource Files</Filter>
    </Image>
    <Image Include="images\progressindicator_medium.png">
      <Filter>Resource Files</Filter>
    </Image>
    <Image Include="images\progressindicator_medium%402x.png">
      <Filter>Resource Files</Filter>
    </Image>
    <Image Include="images\progressindicator_small.png">
      <Filter>Resource Files</Filter>
    </Image>
    <Image Include="images\progressindicator_small%402x.png">
      <Filter>Resource Files</Filter>
    </Image>
    <Image Include="images\triangle_vert.png">
      <Filter>Resource Files</Filter>
    </Image>
    <Image Include="tooltip\images\f1.png">
      <Filter>Resource Files</Filter>
    </Image>
  </ItemGroup>
  <ItemGroup>
    <None Include="QtConcurrentTools">
      <Filter>Header Files</Filter>
    </None>
  </ItemGroup>
</Project>